// !$*UTF8*$!
{
	archiveVersion = 1;
	classes = {
	};
	objectVersion = 56;
	objects = {

/* Begin PBXBuildFile section */
		BEF7773D29A46308006541F4 /* BasicImageCoreMLApp.swift in Sources */ = {isa = PBXBuildFile; fileRef = BEF7773C29A46308006541F4 /* BasicImageCoreMLApp.swift */; };
		BEF7773F29A46308006541F4 /* ContentView.swift in Sources */ = {isa = PBXBuildFile; fileRef = BEF7773E29A46308006541F4 /* ContentView.swift */; };
		BEF7774129A46309006541F4 /* Assets.xcassets in Resources */ = {isa = PBXBuildFile; fileRef = BEF7774029A46309006541F4 /* Assets.xcassets */; };
		BEF7774429A46309006541F4 /* Preview Assets.xcassets in Resources */ = {isa = PBXBuildFile; fileRef = BEF7774329A46309006541F4 /* Preview Assets.xcassets */; };
		BEF7774E29A46309006541F4 /* BasicImageCoreMLTests.swift in Sources */ = {isa = PBXBuildFile; fileRef = BEF7774D29A46309006541F4 /* BasicImageCoreMLTests.swift */; };
		BEF7775829A46309006541F4 /* BasicImageCoreMLUITests.swift in Sources */ = {isa = PBXBuildFile; fileRef = BEF7775729A46309006541F4 /* BasicImageCoreMLUITests.swift */; };
		BEF7775A29A46309006541F4 /* BasicImageCoreMLUITestsLaunchTests.swift in Sources */ = {isa = PBXBuildFile; fileRef = BEF7775929A46309006541F4 /* BasicImageCoreMLUITestsLaunchTests.swift */; };
		BEF7776929A4766E006541F4 /* Resnet50.mlmodel in Sources */ = {isa = PBXBuildFile; fileRef = BEF7776829A4766E006541F4 /* Resnet50.mlmodel */; };
/* End PBXBuildFile section */

/* Begin PBXContainerItemProxy section */
		BEF7774A29A46309006541F4 /* PBXContainerItemProxy */ = {
			isa = PBXContainerItemProxy;
			containerPortal = BEF7773129A46308006541F4 /* Project object */;
			proxyType = 1;
			remoteGlobalIDString = BEF7773829A46308006541F4;
			remoteInfo = BasicImageCoreML;
		};
		BEF7775429A46309006541F4 /* PBXContainerItemProxy */ = {
			isa = PBXContainerItemProxy;
			containerPortal = BEF7773129A46308006541F4 /* Project object */;
			proxyType = 1;
			remoteGlobalIDString = BEF7773829A46308006541F4;
			remoteInfo = BasicImageCoreML;
		};
/* End PBXContainerItemProxy section */

/* Begin PBXFileReference section */
		BEF7773929A46308006541F4 /* BasicImageCoreML.app */ = {isa = PBXFileReference; explicitFileType = wrapper.application; includeInIndex = 0; path = BasicImageCoreML.app; sourceTree = BUILT_PRODUCTS_DIR; };
		BEF7773C29A46308006541F4 /* BasicImageCoreMLApp.swift */ = {isa = PBXFileReference; lastKnownFileType = sourcecode.swift; path = BasicImageCoreMLApp.swift; sourceTree = "<group>"; };
		BEF7773E29A46308006541F4 /* ContentView.swift */ = {isa = PBXFileReference; lastKnownFileType = sourcecode.swift; path = ContentView.swift; sourceTree = "<group>"; };
		BEF7774029A46309006541F4 /* Assets.xcassets */ = {isa = PBXFileReference; lastKnownFileType = folder.assetcatalog; path = Assets.xcassets; sourceTree = "<group>"; };
		BEF7774329A46309006541F4 /* Preview Assets.xcassets */ = {isa = PBXFileReference; lastKnownFileType = folder.assetcatalog; path = "Preview Assets.xcassets"; sourceTree = "<group>"; };
		BEF7774929A46309006541F4 /* BasicImageCoreMLTests.xctest */ = {isa = PBXFileReference; explicitFileType = wrapper.cfbundle; includeInIndex = 0; path = BasicImageCoreMLTests.xctest; sourceTree = BUILT_PRODUCTS_DIR; };
		BEF7774D29A46309006541F4 /* BasicImageCoreMLTests.swift */ = {isa = PBXFileReference; lastKnownFileType = sourcecode.swift; path = BasicImageCoreMLTests.swift; sourceTree = "<group>"; };
		BEF7775329A46309006541F4 /* BasicImageCoreMLUITests.xctest */ = {isa = PBXFileReference; explicitFileType = wrapper.cfbundle; includeInIndex = 0; path = BasicImageCoreMLUITests.xctest; sourceTree = BUILT_PRODUCTS_DIR; };
		BEF7775729A46309006541F4 /* BasicImageCoreMLUITests.swift */ = {isa = PBXFileReference; lastKnownFileType = sourcecode.swift; path = BasicImageCoreMLUITests.swift; sourceTree = "<group>"; };
		BEF7775929A46309006541F4 /* BasicImageCoreMLUITestsLaunchTests.swift */ = {isa = PBXFileReference; lastKnownFileType = sourcecode.swift; path = BasicImageCoreMLUITestsLaunchTests.swift; sourceTree = "<group>"; };
		BEF7776829A4766E006541F4 /* Resnet50.mlmodel */ = {isa = PBXFileReference; lastKnownFileType = file.mlmodel; path = Resnet50.mlmodel; sourceTree = "<group>"; };
/* End PBXFileReference section */

/* Begin PBXFrameworksBuildPhase section */
		BEF7773629A46308006541F4 /* Frameworks */ = {
			isa = PBXFrameworksBuildPhase;
			buildActionMask = 2147483647;
			files = (
			);
			runOnlyForDeploymentPostprocessing = 0;
		};
		BEF7774629A46309006541F4 /* Frameworks */ = {
			isa = PBXFrameworksBuildPhase;
			buildActionMask = 2147483647;
			files = (
			);
			runOnlyForDeploymentPostprocessing = 0;
		};
		BEF7775029A46309006541F4 /* Frameworks */ = {
			isa = PBXFrameworksBuildPhase;
			buildActionMask = 2147483647;
			files = (
			);
			runOnlyForDeploymentPostprocessing = 0;
		};
/* End PBXFrameworksBuildPhase section */

/* Begin PBXGroup section */
		BEF7773029A46308006541F4 = {
			isa = PBXGroup;
			children = (
				BEF7773B29A46308006541F4 /* BasicImageCoreML */,
				BEF7774C29A46309006541F4 /* BasicImageCoreMLTests */,
				BEF7775629A46309006541F4 /* BasicImageCoreMLUITests */,
				BEF7773A29A46308006541F4 /* Products */,
			);
			sourceTree = "<group>";
		};
		BEF7773A29A46308006541F4 /* Products */ = {
			isa = PBXGroup;
			children = (
				BEF7773929A46308006541F4 /* BasicImageCoreML.app */,
				BEF7774929A46309006541F4 /* BasicImageCoreMLTests.xctest */,
				BEF7775329A46309006541F4 /* BasicImageCoreMLUITests.xctest */,
			);
			name = Products;
			sourceTree = "<group>";
		};
		BEF7773B29A46308006541F4 /* BasicImageCoreML */ = {
			isa = PBXGroup;
			children = (
				BEF7773C29A46308006541F4 /* BasicImageCoreMLApp.swift */,
				BEF7773E29A46308006541F4 /* ContentView.swift */,
				BEF7776829A4766E006541F4 /* Resnet50.mlmodel */,
				BEF7774029A46309006541F4 /* Assets.xcassets */,
				BEF7774229A46309006541F4 /* Preview Content */,
			);
			path = BasicImageCoreML;
			sourceTree = "<group>";
		};
		BEF7774229A46309006541F4 /* Preview Content */ = {
			isa = PBXGroup;
			children = (
				BEF7774329A46309006541F4 /* Preview Assets.xcassets */,
			);
			path = "Preview Content";
			sourceTree = "<group>";
		};
		BEF7774C29A46309006541F4 /* BasicImageCoreMLTests */ = {
			isa = PBXGroup;
			children = (
				BEF7774D29A46309006541F4 /* BasicImageCoreMLTests.swift */,
			);
			path = BasicImageCoreMLTests;
			sourceTree = "<group>";
		};
		BEF7775629A46309006541F4 /* BasicImageCoreMLUITests */ = {
			isa = PBXGroup;
			children = (
				BEF7775729A46309006541F4 /* BasicImageCoreMLUITests.swift */,
				BEF7775929A46309006541F4 /* BasicImageCoreMLUITestsLaunchTests.swift */,
			);
			path = BasicImageCoreMLUITests;
			sourceTree = "<group>";
		};
/* End PBXGroup section */

/* Begin PBXNativeTarget section */
		BEF7773829A46308006541F4 /* BasicImageCoreML */ = {
			isa = PBXNativeTarget;
			buildConfigurationList = BEF7775D29A46309006541F4 /* Build configuration list for PBXNativeTarget "BasicImageCoreML" */;
			buildPhases = (
				BEF7773529A46308006541F4 /* Sources */,
				BEF7773629A46308006541F4 /* Frameworks */,
				BEF7773729A46308006541F4 /* Resources */,
			);
			buildRules = (
			);
			dependencies = (
			);
			name = BasicImageCoreML;
			productName = BasicImageCoreML;
			productReference = BEF7773929A46308006541F4 /* BasicImageCoreML.app */;
			productType = "com.apple.product-type.application";
		};
		BEF7774829A46309006541F4 /* BasicImageCoreMLTests */ = {
			isa = PBXNativeTarget;
			buildConfigurationList = BEF7776029A46309006541F4 /* Build configuration list for PBXNativeTarget "BasicImageCoreMLTests" */;
			buildPhases = (
				BEF7774529A46309006541F4 /* Sources */,
				BEF7774629A46309006541F4 /* Frameworks */,
				BEF7774729A46309006541F4 /* Resources */,
			);
			buildRules = (
			);
			dependencies = (
				BEF7774B29A46309006541F4 /* PBXTargetDependency */,
			);
			name = BasicImageCoreMLTests;
			productName = BasicImageCoreMLTests;
			productReference = BEF7774929A46309006541F4 /* BasicImageCoreMLTests.xctest */;
			productType = "com.apple.product-type.bundle.unit-test";
		};
		BEF7775229A46309006541F4 /* BasicImageCoreMLUITests */ = {
			isa = PBXNativeTarget;
			buildConfigurationList = BEF7776329A46309006541F4 /* Build configuration list for PBXNativeTarget "BasicImageCoreMLUITests" */;
			buildPhases = (
				BEF7774F29A46309006541F4 /* Sources */,
				BEF7775029A46309006541F4 /* Frameworks */,
				BEF7775129A46309006541F4 /* Resources */,
			);
			buildRules = (
			);
			dependencies = (
				BEF7775529A46309006541F4 /* PBXTargetDependency */,
			);
			name = BasicImageCoreMLUITests;
			productName = BasicImageCoreMLUITests;
			productReference = BEF7775329A46309006541F4 /* BasicImageCoreMLUITests.xctest */;
			productType = "com.apple.product-type.bundle.ui-testing";
		};
/* End PBXNativeTarget section */

/* Begin PBXProject section */
		BEF7773129A46308006541F4 /* Project object */ = {
			isa = PBXProject;
			attributes = {
				BuildIndependentTargetsInParallel = 1;
				LastSwiftUpdateCheck = 1420;
				LastUpgradeCheck = 1420;
				TargetAttributes = {
					BEF7773829A46308006541F4 = {
						CreatedOnToolsVersion = 14.2;
					};
					BEF7774829A46309006541F4 = {
						CreatedOnToolsVersion = 14.2;
						TestTargetID = BEF7773829A46308006541F4;
					};
					BEF7775229A46309006541F4 = {
						CreatedOnToolsVersion = 14.2;
						TestTargetID = BEF7773829A46308006541F4;
					};
				};
			};
			buildConfigurationList = BEF7773429A46308006541F4 /* Build configuration list for PBXProject "BasicImageCoreML" */;
			compatibilityVersion = "Xcode 14.0";
			developmentRegion = en;
			hasScannedForEncodings = 0;
			knownRegions = (
				en,
				Base,
			);
			mainGroup = BEF7773029A46308006541F4;
			productRefGroup = BEF7773A29A46308006541F4 /* Products */;
			projectDirPath = "";
			projectRoot = "";
			targets = (
				BEF7773829A46308006541F4 /* BasicImageCoreML */,
				BEF7774829A46309006541F4 /* BasicImageCoreMLTests */,
				BEF7775229A46309006541F4 /* BasicImageCoreMLUITests */,
			);
		};
/* End PBXProject section */

/* Begin PBXResourcesBuildPhase section */
		BEF7773729A46308006541F4 /* Resources */ = {
			isa = PBXResourcesBuildPhase;
			buildActionMask = 2147483647;
			files = (
				BEF7774429A46309006541F4 /* Preview Assets.xcassets in Resources */,
				BEF7774129A46309006541F4 /* Assets.xcassets in Resources */,
			);
			runOnlyForDeploymentPostprocessing = 0;
		};
		BEF7774729A46309006541F4 /* Resources */ = {
			isa = PBXResourcesBuildPhase;
			buildActionMask = 2147483647;
			files = (
			);
			runOnlyForDeploymentPostprocessing = 0;
		};
		BEF7775129A46309006541F4 /* Resources */ = {
			isa = PBXResourcesBuildPhase;
			buildActionMask = 2147483647;
			files = (
			);
			runOnlyForDeploymentPostprocessing = 0;
		};
/* End PBXResourcesBuildPhase section */

/* Begin PBXSourcesBuildPhase section */
		BEF7773529A46308006541F4 /* Sources */ = {
			isa = PBXSourcesBuildPhase;
			buildActionMask = 2147483647;
			files = (
				BEF7773F29A46308006541F4 /* ContentView.swift in Sources */,
				BEF7776929A4766E006541F4 /* Resnet50.mlmodel in Sources */,
				BEF7773D29A46308006541F4 /* BasicImageCoreMLApp.swift in Sources */,
			);
			runOnlyForDeploymentPostprocessing = 0;
		};
		BEF7774529A46309006541F4 /* Sources */ = {
			isa = PBXSourcesBuildPhase;
			buildActionMask = 2147483647;
			files = (
				BEF7774E29A46309006541F4 /* BasicImageCoreMLTests.swift in Sources */,
			);
			runOnlyForDeploymentPostprocessing = 0;
		};
		BEF7774F29A46309006541F4 /* Sources */ = {
			isa = PBXSourcesBuildPhase;
			buildActionMask = 2147483647;
			files = (
				BEF7775829A46309006541F4 /* BasicImageCoreMLUITests.swift in Sources */,
				BEF7775A29A46309006541F4 /* BasicImageCoreMLUITestsLaunchTests.swift in Sources */,
			);
			runOnlyForDeploymentPostprocessing = 0;
		};
/* End PBXSourcesBuildPhase section */

/* Begin PBXTargetDependency section */
		BEF7774B29A46309006541F4 /* PBXTargetDependency */ = {
			isa = PBXTargetDependency;
			target = BEF7773829A46308006541F4 /* BasicImageCoreML */;
			targetProxy = BEF7774A29A46309006541F4 /* PBXContainerItemProxy */;
		};
		BEF7775529A46309006541F4 /* PBXTargetDependency */ = {
			isa = PBXTargetDependency;
			target = BEF7773829A46308006541F4 /* BasicImageCoreML */;
			targetProxy = BEF7775429A46309006541F4 /* PBXContainerItemProxy */;
		};
/* End PBXTargetDependency section */

/* Begin XCBuildConfiguration section */
		BEF7775B29A46309006541F4 /* Debug */ = {
			isa = XCBuildConfiguration;
			buildSettings = {
				ALWAYS_SEARCH_USER_PATHS = NO;
				CLANG_ANALYZER_NONNULL = YES;
				CLANG_ANALYZER_NUMBER_OBJECT_CONVERSION = YES_AGGRESSIVE;
				CLANG_CXX_LANGUAGE_STANDARD = "gnu++20";
				CLANG_ENABLE_MODULES = YES;
				CLANG_ENABLE_OBJC_ARC = YES;
				CLANG_ENABLE_OBJC_WEAK = YES;
				CLANG_WARN_BLOCK_CAPTURE_AUTORELEASING = YES;
				CLANG_WARN_BOOL_CONVERSION = YES;
				CLANG_WARN_COMMA = YES;
				CLANG_WARN_CONSTANT_CONVERSION = YES;
				CLANG_WARN_DEPRECATED_OBJC_IMPLEMENTATIONS = YES;
				CLANG_WARN_DIRECT_OBJC_ISA_USAGE = YES_ERROR;
				CLANG_WARN_DOCUMENTATION_COMMENTS = YES;
				CLANG_WARN_EMPTY_BODY = YES;
				CLANG_WARN_ENUM_CONVERSION = YES;
				CLANG_WARN_INFINITE_RECURSION = YES;
				CLANG_WARN_INT_CONVERSION = YES;
				CLANG_WARN_NON_LITERAL_NULL_CONVERSION = YES;
				CLANG_WARN_OBJC_IMPLICIT_RETAIN_SELF = YES;
				CLANG_WARN_OBJC_LITERAL_CONVERSION = YES;
				CLANG_WARN_OBJC_ROOT_CLASS = YES_ERROR;
				CLANG_WARN_QUOTED_INCLUDE_IN_FRAMEWORK_HEADER = YES;
				CLANG_WARN_RANGE_LOOP_ANALYSIS = YES;
				CLANG_WARN_STRICT_PROTOTYPES = YES;
				CLANG_WARN_SUSPICIOUS_MOVE = YES;
				CLANG_WARN_UNGUARDED_AVAILABILITY = YES_AGGRESSIVE;
				CLANG_WARN_UNREACHABLE_CODE = YES;
				CLANG_WARN__DUPLICATE_METHOD_MATCH = YES;
				COPY_PHASE_STRIP = NO;
				DEBUG_INFORMATION_FORMAT = dwarf;
				ENABLE_STRICT_OBJC_MSGSEND = YES;
				ENABLE_TESTABILITY = YES;
				GCC_C_LANGUAGE_STANDARD = gnu11;
				GCC_DYNAMIC_NO_PIC = NO;
				GCC_NO_COMMON_BLOCKS = YES;
				GCC_OPTIMIZATION_LEVEL = 0;
				GCC_PREPROCESSOR_DEFINITIONS = (
					"DEBUG=1",
					"$(inherited)",
				);
				GCC_WARN_64_TO_32_BIT_CONVERSION = YES;
				GCC_WARN_ABOUT_RETURN_TYPE = YES_ERROR;
				GCC_WARN_UNDECLARED_SELECTOR = YES;
				GCC_WARN_UNINITIALIZED_AUTOS = YES_AGGRESSIVE;
				GCC_WARN_UNUSED_FUNCTION = YES;
				GCC_WARN_UNUSED_VARIABLE = YES;
				IPHONEOS_DEPLOYMENT_TARGET = 16.2;
				MTL_ENABLE_DEBUG_INFO = INCLUDE_SOURCE;
				MTL_FAST_MATH = YES;
				ONLY_ACTIVE_ARCH = YES;
				SDKROOT = iphoneos;
				SWIFT_ACTIVE_COMPILATION_CONDITIONS = DEBUG;
				SWIFT_OPTIMIZATION_LEVEL = "-Onone";
			};
			name = Debug;
		};
		BEF7775C29A46309006541F4 /* Release */ = {
			isa = XCBuildConfiguration;
			buildSettings = {
				ALWAYS_SEARCH_USER_PATHS = NO;
				CLANG_ANALYZER_NONNULL = YES;
				CLANG_ANALYZER_NUMBER_OBJECT_CONVERSION = YES_AGGRESSIVE;
				CLANG_CXX_LANGUAGE_STANDARD = "gnu++20";
				CLANG_ENABLE_MODULES = YES;
				CLANG_ENABLE_OBJC_ARC = YES;
				CLANG_ENABLE_OBJC_WEAK = YES;
				CLANG_WARN_BLOCK_CAPTURE_AUTORELEASING = YES;
				CLANG_WARN_BOOL_CONVERSION = YES;
				CLANG_WARN_COMMA = YES;
				CLANG_WARN_CONSTANT_CONVERSION = YES;
				CLANG_WARN_DEPRECATED_OBJC_IMPLEMENTATIONS = YES;
				CLANG_WARN_DIRECT_OBJC_ISA_USAGE = YES_ERROR;
				CLANG_WARN_DOCUMENTATION_COMMENTS = YES;
				CLANG_WARN_EMPTY_BODY = YES;
				CLANG_WARN_ENUM_CONVERSION = YES;
				CLANG_WARN_INFINITE_RECURSION = YES;
				CLANG_WARN_INT_CONVERSION = YES;
				CLANG_WARN_NON_LITERAL_NULL_CONVERSION = YES;
				CLANG_WARN_OBJC_IMPLICIT_RETAIN_SELF = YES;
				CLANG_WARN_OBJC_LITERAL_CONVERSION = YES;
				CLANG_WARN_OBJC_ROOT_CLASS = YES_ERROR;
				CLANG_WARN_QUOTED_INCLUDE_IN_FRAMEWORK_HEADER = YES;
				CLANG_WARN_RANGE_LOOP_ANALYSIS = YES;
				CLANG_WARN_STRICT_PROTOTYPES = YES;
				CLANG_WARN_SUSPICIOUS_MOVE = YES;
				CLANG_WARN_UNGUARDED_AVAILABILITY = YES_AGGRESSIVE;
				CLANG_WARN_UNREACHABLE_CODE = YES;
				CLANG_WARN__DUPLICATE_METHOD_MATCH = YES;
				COPY_PHASE_STRIP = NO;
				DEBUG_INFORMATION_FORMAT = "dwarf-with-dsym";
				ENABLE_NS_ASSERTIONS = NO;
				ENABLE_STRICT_OBJC_MSGSEND = YES;
				GCC_C_LANGUAGE_STANDARD = gnu11;
				GCC_NO_COMMON_BLOCKS = YES;
				GCC_WARN_64_TO_32_BIT_CONVERSION = YES;
				GCC_WARN_ABOUT_RETURN_TYPE = YES_ERROR;
				GCC_WARN_UNDECLARED_SELECTOR = YES;
				GCC_WARN_UNINITIALIZED_AUTOS = YES_AGGRESSIVE;
				GCC_WARN_UNUSED_FUNCTION = YES;
				GCC_WARN_UNUSED_VARIABLE = YES;
				IPHONEOS_DEPLOYMENT_TARGET = 16.2;
				MTL_ENABLE_DEBUG_INFO = NO;
				MTL_FAST_MATH = YES;
				SDKROOT = iphoneos;
				SWIFT_COMPILATION_MODE = wholemodule;
				SWIFT_OPTIMIZATION_LEVEL = "-O";
				VALIDATE_PRODUCT = YES;
			};
			name = Release;
		};
		BEF7775E29A46309006541F4 /* Debug */ = {
			isa = XCBuildConfiguration;
			buildSettings = {
				ASSETCATALOG_COMPILER_APPICON_NAME = AppIcon;
				ASSETCATALOG_COMPILER_GLOBAL_ACCENT_COLOR_NAME = AccentColor;
				CODE_SIGN_STYLE = Automatic;
				CURRENT_PROJECT_VERSION = 1;
				DEVELOPMENT_ASSET_PATHS = "\"BasicImageCoreML/Preview Content\"";
				DEVELOPMENT_TEAM = S3U929Z832;
				ENABLE_PREVIEWS = YES;
				GENERATE_INFOPLIST_FILE = YES;
				INFOPLIST_KEY_UIApplicationSceneManifest_Generation = YES;
				INFOPLIST_KEY_UIApplicationSupportsIndirectInputEvents = YES;
				INFOPLIST_KEY_UILaunchScreen_Generation = YES;
				INFOPLIST_KEY_UISupportedInterfaceOrientations_iPad = "UIInterfaceOrientationPortrait UIInterfaceOrientationPortraitUpsideDown UIInterfaceOrientationLandscapeLeft UIInterfaceOrientationLandscapeRight";
				INFOPLIST_KEY_UISupportedInterfaceOrientations_iPhone = "UIInterfaceOrientationPortrait UIInterfaceOrientationLandscapeLeft UIInterfaceOrientationLandscapeRight";
				LD_RUNPATH_SEARCH_PATHS = (
					"$(inherited)",
					"@executable_path/Frameworks",
				);
				MARKETING_VERSION = 1.0;
				PRODUCT_BUNDLE_IDENTIFIER = BoiseState.BasicImageCoreML;
				PRODUCT_NAME = "$(TARGET_NAME)";
				SWIFT_EMIT_LOC_STRINGS = YES;
				SWIFT_VERSION = 5.0;
				TARGETED_DEVICE_FAMILY = "1,2";
			};
			name = Debug;
		};
		BEF7775F29A46309006541F4 /* Release */ = {
			isa = XCBuildConfiguration;
			buildSettings = {
				ASSETCATALOG_COMPILER_APPICON_NAME = AppIcon;
				ASSETCATALOG_COMPILER_GLOBAL_ACCENT_COLOR_NAME = AccentColor;
				CODE_SIGN_STYLE = Automatic;
				CURRENT_PROJECT_VERSION = 1;
				DEVELOPMENT_ASSET_PATHS = "\"BasicImageCoreML/Preview Content\"";
				DEVELOPMENT_TEAM = S3U929Z832;
				ENABLE_PREVIEWS = YES;
				GENERATE_INFOPLIST_FILE = YES;
				INFOPLIST_KEY_UIApplicationSceneManifest_Generation = YES;
				INFOPLIST_KEY_UIApplicationSupportsIndirectInputEvents = YES;
				INFOPLIST_KEY_UILaunchScreen_Generation = YES;
				INFOPLIST_KEY_UISupportedInterfaceOrientations_iPad = "UIInterfaceOrientationPortrait UIInterfaceOrientationPortraitUpsideDown UIInterfaceOrientationLandscapeLeft UIInterfaceOrientationLandscapeRight";
				INFOPLIST_KEY_UISupportedInterfaceOrientations_iPhone = "UIInterfaceOrientationPortrait UIInterfaceOrientationLandscapeLeft UIInterfaceOrientationLandscapeRight";
				LD_RUNPATH_SEARCH_PATHS = (
					"$(inherited)",
					"@executable_path/Frameworks",
				);
				MARKETING_VERSION = 1.0;
				PRODUCT_BUNDLE_IDENTIFIER = BoiseState.BasicImageCoreML;
				PRODUCT_NAME = "$(TARGET_NAME)";
				SWIFT_EMIT_LOC_STRINGS = YES;
				SWIFT_VERSION = 5.0;
				TARGETED_DEVICE_FAMILY = "1,2";
			};
			name = Release;
		};
		BEF7776129A46309006541F4 /* Debug */ = {
			isa = XCBuildConfiguration;
			buildSettings = {
				ALWAYS_EMBED_SWIFT_STANDARD_LIBRARIES = YES;
				BUNDLE_LOADER = "$(TEST_HOST)";
				CODE_SIGN_STYLE = Automatic;
				CURRENT_PROJECT_VERSION = 1;
				DEVELOPMENT_TEAM = S3U929Z832;
				GENERATE_INFOPLIST_FILE = YES;
				IPHONEOS_DEPLOYMENT_TARGET = 16.2;
				MARKETING_VERSION = 1.0;
				PRODUCT_BUNDLE_IDENTIFIER = BoiseState.BasicImageCoreMLTests;
				PRODUCT_NAME = "$(TARGET_NAME)";
				SWIFT_EMIT_LOC_STRINGS = NO;
				SWIFT_VERSION = 5.0;
				TARGETED_DEVICE_FAMILY = "1,2";
				TEST_HOST = "$(BUILT_PRODUCTS_DIR)/BasicImageCoreML.app/$(BUNDLE_EXECUTABLE_FOLDER_PATH)/BasicImageCoreML";
			};
			name = Debug;
		};
		BEF7776229A46309006541F4 /* Release */ = {
			isa = XCBuildConfiguration;
			buildSettings = {
				ALWAYS_EMBED_SWIFT_STANDARD_LIBRARIES = YES;
				BUNDLE_LOADER = "$(TEST_HOST)";
				CODE_SIGN_STYLE = Automatic;
				CURRENT_PROJECT_VERSION = 1;
				DEVELOPMENT_TEAM = S3U929Z832;
				GENERATE_INFOPLIST_FILE = YES;
				IPHONEOS_DEPLOYMENT_TARGET = 16.2;
				MARKETING_VERSION = 1.0;
				PRODUCT_BUNDLE_IDENTIFIER = BoiseState.BasicImageCoreMLTests;
				PRODUCT_NAME = "$(TARGET_NAME)";
				SWIFT_EMIT_LOC_STRINGS = NO;
				SWIFT_VERSION = 5.0;
				TARGETED_DEVICE_FAMILY = "1,2";
				TEST_HOST = "$(BUILT_PRODUCTS_DIR)/BasicImageCoreML.app/$(BUNDLE_EXECUTABLE_FOLDER_PATH)/BasicImageCoreML";
			};
			name = Release;
		};
		BEF7776429A46309006541F4 /* Debug */ = {
			isa = XCBuildConfiguration;
			buildSettings = {
				ALWAYS_EMBED_SWIFT_STANDARD_LIBRARIES = YES;
				CODE_SIGN_STYLE = Automatic;
				CURRENT_PROJECT_VERSION = 1;
				DEVELOPMENT_TEAM = S3U929Z832;
				GENERATE_INFOPLIST_FILE = YES;
				MARKETING_VERSION = 1.0;
				PRODUCT_BUNDLE_IDENTIFIER = BoiseState.BasicImageCoreMLUITests;
				PRODUCT_NAME = "$(TARGET_NAME)";
				SWIFT_EMIT_LOC_STRINGS = NO;
				SWIFT_VERSION = 5.0;
				TARGETED_DEVICE_FAMILY = "1,2";
				TEST_TARGET_NAME = BasicImageCoreML;
			};
			name = Debug;
		};
		BEF7776529A46309006541F4 /* Release */ = {
			isa = XCBuildConfiguration;
			buildSettings = {
				ALWAYS_EMBED_SWIFT_STANDARD_LIBRARIES = YES;
				CODE_SIGN_STYLE = Automatic;
				CURRENT_PROJECT_VERSION = 1;
				DEVELOPMENT_TEAM = S3U929Z832;
				GENERATE_INFOPLIST_FILE = YES;
				MARKETING_VERSION = 1.0;
				PRODUCT_BUNDLE_IDENTIFIER = BoiseState.BasicImageCoreMLUITests;
				PRODUCT_NAME = "$(TARGET_NAME)";
				SWIFT_EMIT_LOC_STRINGS = NO;
				SWIFT_VERSION = 5.0;
				TARGETED_DEVICE_FAMILY = "1,2";
				TEST_TARGET_NAME = BasicImageCoreML;
			};
			name = Release;
		};
/* End XCBuildConfiguration section */

/* Begin XCConfigurationList section */
		BEF7773429A46308006541F4 /* Build configuration list for PBXProject "BasicImageCoreML" */ = {
			isa = XCConfigurationList;
			buildConfigurations = (
				BEF7775B29A46309006541F4 /* Debug */,
				BEF7775C29A46309006541F4 /* Release */,
			);
			defaultConfigurationIsVisible = 0;
			defaultConfigurationName = Release;
		};
		BEF7775D29A46309006541F4 /* Build configuration list for PBXNativeTarget "BasicImageCoreML" */ = {
			isa = XCConfigurationList;
			buildConfigurations = (
				BEF7775E29A46309006541F4 /* Debug */,
				BEF7775F29A46309006541F4 /* Release */,
			);
			defaultConfigurationIsVisible = 0;
			defaultConfigurationName = Release;
		};
		BEF7776029A46309006541F4 /* Build configuration list for PBXNativeTarget "BasicImageCoreMLTests" */ = {
			isa = XCConfigurationList;
			buildConfigurations = (
				BEF7776129A46309006541F4 /* Debug */,
				BEF7776229A46309006541F4 /* Release */,
			);
			defaultConfigurationIsVisible = 0;
			defaultConfigurationName = Release;
		};
		BEF7776329A46309006541F4 /* Build configuration list for PBXNativeTarget "BasicImageCoreMLUITests" */ = {
			isa = XCConfigurationList;
			buildConfigurations = (
				BEF7776429A46309006541F4 /* Debug */,
				BEF7776529A46309006541F4 /* Release */,
			);
			defaultConfigurationIsVisible = 0;
			defaultConfigurationName = Release;
		};
/* End XCConfigurationList section */
	};
	rootObject = BEF7773129A46308006541F4 /* Project object */;
}
