// !$*UTF8*$!
{
	archiveVersion = 1;
	classes = {
	};
	objectVersion = 56;
	objects = {

/* Begin PBXBuildFile section */
		3ED2DC932981B06A0085A5B5 /* tempdempApp.swift in Sources */ = {isa = PBXBuildFile; fileRef = 3ED2DC922981B06A0085A5B5 /* tempdempApp.swift */; };
		3ED2DC952981B06A0085A5B5 /* ContentView.swift in Sources */ = {isa = PBXBuildFile; fileRef = 3ED2DC942981B06A0085A5B5 /* ContentView.swift */; };
		3ED2DC972981B06D0085A5B5 /* Assets.xcassets in Resources */ = {isa = PBXBuildFile; fileRef = 3ED2DC962981B06D0085A5B5 /* Assets.xcassets */; };
		3ED2DC9B2981B06D0085A5B5 /* Preview Assets.xcassets in Resources */ = {isa = PBXBuildFile; fileRef = 3ED2DC9A2981B06D0085A5B5 /* Preview Assets.xcassets */; };
		3ED2DCA52981B06D0085A5B5 /* tempdempTests.swift in Sources */ = {isa = PBXBuildFile; fileRef = 3ED2DCA42981B06D0085A5B5 /* tempdempTests.swift */; };
		3ED2DCAF2981B06D0085A5B5 /* tempdempUITests.swift in Sources */ = {isa = PBXBuildFile; fileRef = 3ED2DCAE2981B06D0085A5B5 /* tempdempUITests.swift */; };
		3ED2DCB12981B06D0085A5B5 /* tempdempUITestsLaunchTests.swift in Sources */ = {isa = PBXBuildFile; fileRef = 3ED2DCB02981B06D0085A5B5 /* tempdempUITestsLaunchTests.swift */; };
/* End PBXBuildFile section */

/* Begin PBXContainerItemProxy section */
		3ED2DCA12981B06D0085A5B5 /* PBXContainerItemProxy */ = {
			isa = PBXContainerItemProxy;
			containerPortal = 3ED2DC872981B06A0085A5B5 /* Project object */;
			proxyType = 1;
			remoteGlobalIDString = 3ED2DC8E2981B06A0085A5B5;
			remoteInfo = tempdemp;
		};
		3ED2DCAB2981B06D0085A5B5 /* PBXContainerItemProxy */ = {
			isa = PBXContainerItemProxy;
			containerPortal = 3ED2DC872981B06A0085A5B5 /* Project object */;
			proxyType = 1;
			remoteGlobalIDString = 3ED2DC8E2981B06A0085A5B5;
			remoteInfo = tempdemp;
		};
/* End PBXContainerItemProxy section */

/* Begin PBXFileReference section */
		3ED2DC8F2981B06A0085A5B5 /* tempdemp.app */ = {isa = PBXFileReference; explicitFileType = wrapper.application; includeInIndex = 0; path = tempdemp.app; sourceTree = BUILT_PRODUCTS_DIR; };
		3ED2DC922981B06A0085A5B5 /* tempdempApp.swift */ = {isa = PBXFileReference; lastKnownFileType = sourcecode.swift; path = tempdempApp.swift; sourceTree = "<group>"; };
		3ED2DC942981B06A0085A5B5 /* ContentView.swift */ = {isa = PBXFileReference; lastKnownFileType = sourcecode.swift; path = ContentView.swift; sourceTree = "<group>"; };
		3ED2DC962981B06D0085A5B5 /* Assets.xcassets */ = {isa = PBXFileReference; lastKnownFileType = folder.assetcatalog; path = Assets.xcassets; sourceTree = "<group>"; };
		3ED2DC982981B06D0085A5B5 /* tempdemp.entitlements */ = {isa = PBXFileReference; lastKnownFileType = text.plist.entitlements; path = tempdemp.entitlements; sourceTree = "<group>"; };
		3ED2DC9A2981B06D0085A5B5 /* Preview Assets.xcassets */ = {isa = PBXFileReference; lastKnownFileType = folder.assetcatalog; path = "Preview Assets.xcassets"; sourceTree = "<group>"; };
		3ED2DCA02981B06D0085A5B5 /* tempdempTests.xctest */ = {isa = PBXFileReference; explicitFileType = wrapper.cfbundle; includeInIndex = 0; path = tempdempTests.xctest; sourceTree = BUILT_PRODUCTS_DIR; };
		3ED2DCA42981B06D0085A5B5 /* tempdempTests.swift */ = {isa = PBXFileReference; lastKnownFileType = sourcecode.swift; path = tempdempTests.swift; sourceTree = "<group>"; };
		3ED2DCAA2981B06D0085A5B5 /* tempdempUITests.xctest */ = {isa = PBXFileReference; explicitFileType = wrapper.cfbundle; includeInIndex = 0; path = tempdempUITests.xctest; sourceTree = BUILT_PRODUCTS_DIR; };
		3ED2DCAE2981B06D0085A5B5 /* tempdempUITests.swift */ = {isa = PBXFileReference; lastKnownFileType = sourcecode.swift; path = tempdempUITests.swift; sourceTree = "<group>"; };
		3ED2DCB02981B06D0085A5B5 /* tempdempUITestsLaunchTests.swift */ = {isa = PBXFileReference; lastKnownFileType = sourcecode.swift; path = tempdempUITestsLaunchTests.swift; sourceTree = "<group>"; };
/* End PBXFileReference section */

/* Begin PBXFrameworksBuildPhase section */
		3ED2DC8C2981B06A0085A5B5 /* Frameworks */ = {
			isa = PBXFrameworksBuildPhase;
			buildActionMask = 2147483647;
			files = (
			);
			runOnlyForDeploymentPostprocessing = 0;
		};
		3ED2DC9D2981B06D0085A5B5 /* Frameworks */ = {
			isa = PBXFrameworksBuildPhase;
			buildActionMask = 2147483647;
			files = (
			);
			runOnlyForDeploymentPostprocessing = 0;
		};
		3ED2DCA72981B06D0085A5B5 /* Frameworks */ = {
			isa = PBXFrameworksBuildPhase;
			buildActionMask = 2147483647;
			files = (
			);
			runOnlyForDeploymentPostprocessing = 0;
		};
/* End PBXFrameworksBuildPhase section */

/* Begin PBXGroup section */
		3ED2DC862981B06A0085A5B5 = {
			isa = PBXGroup;
			children = (
				3ED2DC912981B06A0085A5B5 /* tempdemp */,
				3ED2DCA32981B06D0085A5B5 /* tempdempTests */,
				3ED2DCAD2981B06D0085A5B5 /* tempdempUITests */,
				3ED2DC902981B06A0085A5B5 /* Products */,
			);
			sourceTree = "<group>";
		};
		3ED2DC902981B06A0085A5B5 /* Products */ = {
			isa = PBXGroup;
			children = (
				3ED2DC8F2981B06A0085A5B5 /* tempdemp.app */,
				3ED2DCA02981B06D0085A5B5 /* tempdempTests.xctest */,
				3ED2DCAA2981B06D0085A5B5 /* tempdempUITests.xctest */,
			);
			name = Products;
			sourceTree = "<group>";
		};
		3ED2DC912981B06A0085A5B5 /* tempdemp */ = {
			isa = PBXGroup;
			children = (
				3ED2DC922981B06A0085A5B5 /* tempdempApp.swift */,
				3ED2DC942981B06A0085A5B5 /* ContentView.swift */,
				3ED2DC962981B06D0085A5B5 /* Assets.xcassets */,
				3ED2DC982981B06D0085A5B5 /* tempdemp.entitlements */,
				3ED2DC992981B06D0085A5B5 /* Preview Content */,
			);
			path = tempdemp;
			sourceTree = "<group>";
		};
		3ED2DC992981B06D0085A5B5 /* Preview Content */ = {
			isa = PBXGroup;
			children = (
				3ED2DC9A2981B06D0085A5B5 /* Preview Assets.xcassets */,
			);
			path = "Preview Content";
			sourceTree = "<group>";
		};
		3ED2DCA32981B06D0085A5B5 /* tempdempTests */ = {
			isa = PBXGroup;
			children = (
				3ED2DCA42981B06D0085A5B5 /* tempdempTests.swift */,
			);
			path = tempdempTests;
			sourceTree = "<group>";
		};
		3ED2DCAD2981B06D0085A5B5 /* tempdempUITests */ = {
			isa = PBXGroup;
			children = (
				3ED2DCAE2981B06D0085A5B5 /* tempdempUITests.swift */,
				3ED2DCB02981B06D0085A5B5 /* tempdempUITestsLaunchTests.swift */,
			);
			path = tempdempUITests;
			sourceTree = "<group>";
		};
/* End PBXGroup section */

/* Begin PBXNativeTarget section */
		3ED2DC8E2981B06A0085A5B5 /* tempdemp */ = {
			isa = PBXNativeTarget;
			buildConfigurationList = 3ED2DCB42981B06D0085A5B5 /* Build configuration list for PBXNativeTarget "tempdemp" */;
			buildPhases = (
				3ED2DC8B2981B06A0085A5B5 /* Sources */,
				3ED2DC8C2981B06A0085A5B5 /* Frameworks */,
				3ED2DC8D2981B06A0085A5B5 /* Resources */,
			);
			buildRules = (
			);
			dependencies = (
			);
			name = tempdemp;
			productName = tempdemp;
			productReference = 3ED2DC8F2981B06A0085A5B5 /* tempdemp.app */;
			productType = "com.apple.product-type.application";
		};
		3ED2DC9F2981B06D0085A5B5 /* tempdempTests */ = {
			isa = PBXNativeTarget;
			buildConfigurationList = 3ED2DCB72981B06D0085A5B5 /* Build configuration list for PBXNativeTarget "tempdempTests" */;
			buildPhases = (
				3ED2DC9C2981B06D0085A5B5 /* Sources */,
				3ED2DC9D2981B06D0085A5B5 /* Frameworks */,
				3ED2DC9E2981B06D0085A5B5 /* Resources */,
			);
			buildRules = (
			);
			dependencies = (
				3ED2DCA22981B06D0085A5B5 /* PBXTargetDependency */,
			);
			name = tempdempTests;
			productName = tempdempTests;
			productReference = 3ED2DCA02981B06D0085A5B5 /* tempdempTests.xctest */;
			productType = "com.apple.product-type.bundle.unit-test";
		};
		3ED2DCA92981B06D0085A5B5 /* tempdempUITests */ = {
			isa = PBXNativeTarget;
			buildConfigurationList = 3ED2DCBA2981B06D0085A5B5 /* Build configuration list for PBXNativeTarget "tempdempUITests" */;
			buildPhases = (
				3ED2DCA62981B06D0085A5B5 /* Sources */,
				3ED2DCA72981B06D0085A5B5 /* Frameworks */,
				3ED2DCA82981B06D0085A5B5 /* Resources */,
			);
			buildRules = (
			);
			dependencies = (
				3ED2DCAC2981B06D0085A5B5 /* PBXTargetDependency */,
			);
			name = tempdempUITests;
			productName = tempdempUITests;
			productReference = 3ED2DCAA2981B06D0085A5B5 /* tempdempUITests.xctest */;
			productType = "com.apple.product-type.bundle.ui-testing";
		};
/* End PBXNativeTarget section */

/* Begin PBXProject section */
		3ED2DC872981B06A0085A5B5 /* Project object */ = {
			isa = PBXProject;
			attributes = {
				BuildIndependentTargetsInParallel = 1;
				LastSwiftUpdateCheck = 1420;
				LastUpgradeCheck = 1420;
				TargetAttributes = {
					3ED2DC8E2981B06A0085A5B5 = {
						CreatedOnToolsVersion = 14.2;
					};
					3ED2DC9F2981B06D0085A5B5 = {
						CreatedOnToolsVersion = 14.2;
						TestTargetID = 3ED2DC8E2981B06A0085A5B5;
					};
					3ED2DCA92981B06D0085A5B5 = {
						CreatedOnToolsVersion = 14.2;
						TestTargetID = 3ED2DC8E2981B06A0085A5B5;
					};
				};
			};
			buildConfigurationList = 3ED2DC8A2981B06A0085A5B5 /* Build configuration list for PBXProject "tempdemp" */;
			compatibilityVersion = "Xcode 14.0";
			developmentRegion = en;
			hasScannedForEncodings = 0;
			knownRegions = (
				en,
				Base,
			);
			mainGroup = 3ED2DC862981B06A0085A5B5;
			productRefGroup = 3ED2DC902981B06A0085A5B5 /* Products */;
			projectDirPath = "";
			projectRoot = "";
			targets = (
				3ED2DC8E2981B06A0085A5B5 /* tempdemp */,
				3ED2DC9F2981B06D0085A5B5 /* tempdempTests */,
				3ED2DCA92981B06D0085A5B5 /* tempdempUITests */,
			);
		};
/* End PBXProject section */

/* Begin PBXResourcesBuildPhase section */
		3ED2DC8D2981B06A0085A5B5 /* Resources */ = {
			isa = PBXResourcesBuildPhase;
			buildActionMask = 2147483647;
			files = (
				3ED2DC9B2981B06D0085A5B5 /* Preview Assets.xcassets in Resources */,
				3ED2DC972981B06D0085A5B5 /* Assets.xcassets in Resources */,
			);
			runOnlyForDeploymentPostprocessing = 0;
		};
		3ED2DC9E2981B06D0085A5B5 /* Resources */ = {
			isa = PBXResourcesBuildPhase;
			buildActionMask = 2147483647;
			files = (
			);
			runOnlyForDeploymentPostprocessing = 0;
		};
		3ED2DCA82981B06D0085A5B5 /* Resources */ = {
			isa = PBXResourcesBuildPhase;
			buildActionMask = 2147483647;
			files = (
			);
			runOnlyForDeploymentPostprocessing = 0;
		};
/* End PBXResourcesBuildPhase section */

/* Begin PBXSourcesBuildPhase section */
		3ED2DC8B2981B06A0085A5B5 /* Sources */ = {
			isa = PBXSourcesBuildPhase;
			buildActionMask = 2147483647;
			files = (
				3ED2DC952981B06A0085A5B5 /* ContentView.swift in Sources */,
				3ED2DC932981B06A0085A5B5 /* tempdempApp.swift in Sources */,
			);
			runOnlyForDeploymentPostprocessing = 0;
		};
		3ED2DC9C2981B06D0085A5B5 /* Sources */ = {
			isa = PBXSourcesBuildPhase;
			buildActionMask = 2147483647;
			files = (
				3ED2DCA52981B06D0085A5B5 /* tempdempTests.swift in Sources */,
			);
			runOnlyForDeploymentPostprocessing = 0;
		};
		3ED2DCA62981B06D0085A5B5 /* Sources */ = {
			isa = PBXSourcesBuildPhase;
			buildActionMask = 2147483647;
			files = (
				3ED2DCB12981B06D0085A5B5 /* tempdempUITestsLaunchTests.swift in Sources */,
				3ED2DCAF2981B06D0085A5B5 /* tempdempUITests.swift in Sources */,
			);
			runOnlyForDeploymentPostprocessing = 0;
		};
/* End PBXSourcesBuildPhase section */

/* Begin PBXTargetDependency section */
		3ED2DCA22981B06D0085A5B5 /* PBXTargetDependency */ = {
			isa = PBXTargetDependency;
			target = 3ED2DC8E2981B06A0085A5B5 /* tempdemp */;
			targetProxy = 3ED2DCA12981B06D0085A5B5 /* PBXContainerItemProxy */;
		};
		3ED2DCAC2981B06D0085A5B5 /* PBXTargetDependency */ = {
			isa = PBXTargetDependency;
			target = 3ED2DC8E2981B06A0085A5B5 /* tempdemp */;
			targetProxy = 3ED2DCAB2981B06D0085A5B5 /* PBXContainerItemProxy */;
		};
/* End PBXTargetDependency section */

/* Begin XCBuildConfiguration section */
		3ED2DCB22981B06D0085A5B5 /* Debug */ = {
			isa = XCBuildConfiguration;
			buildSettings = {
				ALWAYS_SEARCH_USER_PATHS = NO;
				CLANG_ANALYZER_NONNULL = YES;
				CLANG_ANALYZER_NUMBER_OBJECT_CONVERSION = YES_AGGRESSIVE;
				CLANG_CXX_LANGUAGE_STANDARD = "gnu++20";
				CLANG_ENABLE_MODULES = YES;
				CLANG_ENABLE_OBJC_ARC = YES;
				CLANG_ENABLE_OBJC_WEAK = YES;
				CLANG_WARN_BLOCK_CAPTURE_AUTORELEASING = YES;
				CLANG_WARN_BOOL_CONVERSION = YES;
				CLANG_WARN_COMMA = YES;
				CLANG_WARN_CONSTANT_CONVERSION = YES;
				CLANG_WARN_DEPRECATED_OBJC_IMPLEMENTATIONS = YES;
				CLANG_WARN_DIRECT_OBJC_ISA_USAGE = YES_ERROR;
				CLANG_WARN_DOCUMENTATION_COMMENTS = YES;
				CLANG_WARN_EMPTY_BODY = YES;
				CLANG_WARN_ENUM_CONVERSION = YES;
				CLANG_WARN_INFINITE_RECURSION = YES;
				CLANG_WARN_INT_CONVERSION = YES;
				CLANG_WARN_NON_LITERAL_NULL_CONVERSION = YES;
				CLANG_WARN_OBJC_IMPLICIT_RETAIN_SELF = YES;
				CLANG_WARN_OBJC_LITERAL_CONVERSION = YES;
				CLANG_WARN_OBJC_ROOT_CLASS = YES_ERROR;
				CLANG_WARN_QUOTED_INCLUDE_IN_FRAMEWORK_HEADER = YES;
				CLANG_WARN_RANGE_LOOP_ANALYSIS = YES;
				CLANG_WARN_STRICT_PROTOTYPES = YES;
				CLANG_WARN_SUSPICIOUS_MOVE = YES;
				CLANG_WARN_UNGUARDED_AVAILABILITY = YES_AGGRESSIVE;
				CLANG_WARN_UNREACHABLE_CODE = YES;
				CLANG_WARN__DUPLICATE_METHOD_MATCH = YES;
				COPY_PHASE_STRIP = NO;
				DEBUG_INFORMATION_FORMAT = dwarf;
				ENABLE_STRICT_OBJC_MSGSEND = YES;
				ENABLE_TESTABILITY = YES;
				GCC_C_LANGUAGE_STANDARD = gnu11;
				GCC_DYNAMIC_NO_PIC = NO;
				GCC_NO_COMMON_BLOCKS = YES;
				GCC_OPTIMIZATION_LEVEL = 0;
				GCC_PREPROCESSOR_DEFINITIONS = (
					"DEBUG=1",
					"$(inherited)",
				);
				GCC_WARN_64_TO_32_BIT_CONVERSION = YES;
				GCC_WARN_ABOUT_RETURN_TYPE = YES_ERROR;
				GCC_WARN_UNDECLARED_SELECTOR = YES;
				GCC_WARN_UNINITIALIZED_AUTOS = YES_AGGRESSIVE;
				GCC_WARN_UNUSED_FUNCTION = YES;
				GCC_WARN_UNUSED_VARIABLE = YES;
				MTL_ENABLE_DEBUG_INFO = INCLUDE_SOURCE;
				MTL_FAST_MATH = YES;
				ONLY_ACTIVE_ARCH = YES;
				SWIFT_ACTIVE_COMPILATION_CONDITIONS = DEBUG;
				SWIFT_OPTIMIZATION_LEVEL = "-Onone";
			};
			name = Debug;
		};
		3ED2DCB32981B06D0085A5B5 /* Release */ = {
			isa = XCBuildConfiguration;
			buildSettings = {
				ALWAYS_SEARCH_USER_PATHS = NO;
				CLANG_ANALYZER_NONNULL = YES;
				CLANG_ANALYZER_NUMBER_OBJECT_CONVERSION = YES_AGGRESSIVE;
				CLANG_CXX_LANGUAGE_STANDARD = "gnu++20";
				CLANG_ENABLE_MODULES = YES;
				CLANG_ENABLE_OBJC_ARC = YES;
				CLANG_ENABLE_OBJC_WEAK = YES;
				CLANG_WARN_BLOCK_CAPTURE_AUTORELEASING = YES;
				CLANG_WARN_BOOL_CONVERSION = YES;
				CLANG_WARN_COMMA = YES;
				CLANG_WARN_CONSTANT_CONVERSION = YES;
				CLANG_WARN_DEPRECATED_OBJC_IMPLEMENTATIONS = YES;
				CLANG_WARN_DIRECT_OBJC_ISA_USAGE = YES_ERROR;
				CLANG_WARN_DOCUMENTATION_COMMENTS = YES;
				CLANG_WARN_EMPTY_BODY = YES;
				CLANG_WARN_ENUM_CONVERSION = YES;
				CLANG_WARN_INFINITE_RECURSION = YES;
				CLANG_WARN_INT_CONVERSION = YES;
				CLANG_WARN_NON_LITERAL_NULL_CONVERSION = YES;
				CLANG_WARN_OBJC_IMPLICIT_RETAIN_SELF = YES;
				CLANG_WARN_OBJC_LITERAL_CONVERSION = YES;
				CLANG_WARN_OBJC_ROOT_CLASS = YES_ERROR;
				CLANG_WARN_QUOTED_INCLUDE_IN_FRAMEWORK_HEADER = YES;
				CLANG_WARN_RANGE_LOOP_ANALYSIS = YES;
				CLANG_WARN_STRICT_PROTOTYPES = YES;
				CLANG_WARN_SUSPICIOUS_MOVE = YES;
				CLANG_WARN_UNGUARDED_AVAILABILITY = YES_AGGRESSIVE;
				CLANG_WARN_UNREACHABLE_CODE = YES;
				CLANG_WARN__DUPLICATE_METHOD_MATCH = YES;
				COPY_PHASE_STRIP = NO;
				DEBUG_INFORMATION_FORMAT = "dwarf-with-dsym";
				ENABLE_NS_ASSERTIONS = NO;
				ENABLE_STRICT_OBJC_MSGSEND = YES;
				GCC_C_LANGUAGE_STANDARD = gnu11;
				GCC_NO_COMMON_BLOCKS = YES;
				GCC_WARN_64_TO_32_BIT_CONVERSION = YES;
				GCC_WARN_ABOUT_RETURN_TYPE = YES_ERROR;
				GCC_WARN_UNDECLARED_SELECTOR = YES;
				GCC_WARN_UNINITIALIZED_AUTOS = YES_AGGRESSIVE;
				GCC_WARN_UNUSED_FUNCTION = YES;
				GCC_WARN_UNUSED_VARIABLE = YES;
				MTL_ENABLE_DEBUG_INFO = NO;
				MTL_FAST_MATH = YES;
				SWIFT_COMPILATION_MODE = wholemodule;
				SWIFT_OPTIMIZATION_LEVEL = "-O";
			};
			name = Release;
		};
		3ED2DCB52981B06D0085A5B5 /* Debug */ = {
			isa = XCBuildConfiguration;
			buildSettings = {
				ASSETCATALOG_COMPILER_APPICON_NAME = AppIcon;
				ASSETCATALOG_COMPILER_GLOBAL_ACCENT_COLOR_NAME = AccentColor;
				CODE_SIGN_ENTITLEMENTS = tempdemp/tempdemp.entitlements;
				CODE_SIGN_STYLE = Automatic;
				CURRENT_PROJECT_VERSION = 1;
				DEVELOPMENT_ASSET_PATHS = "\"tempdemp/Preview Content\"";
				ENABLE_PREVIEWS = YES;
				GENERATE_INFOPLIST_FILE = YES;
				"INFOPLIST_KEY_UIApplicationSceneManifest_Generation[sdk=iphoneos*]" = YES;
				"INFOPLIST_KEY_UIApplicationSceneManifest_Generation[sdk=iphonesimulator*]" = YES;
				"INFOPLIST_KEY_UIApplicationSupportsIndirectInputEvents[sdk=iphoneos*]" = YES;
				"INFOPLIST_KEY_UIApplicationSupportsIndirectInputEvents[sdk=iphonesimulator*]" = YES;
				"INFOPLIST_KEY_UILaunchScreen_Generation[sdk=iphoneos*]" = YES;
				"INFOPLIST_KEY_UILaunchScreen_Generation[sdk=iphonesimulator*]" = YES;
				"INFOPLIST_KEY_UIStatusBarStyle[sdk=iphoneos*]" = UIStatusBarStyleDefault;
				"INFOPLIST_KEY_UIStatusBarStyle[sdk=iphonesimulator*]" = UIStatusBarStyleDefault;
				INFOPLIST_KEY_UISupportedInterfaceOrientations_iPad = "UIInterfaceOrientationPortrait UIInterfaceOrientationPortraitUpsideDown UIInterfaceOrientationLandscapeLeft UIInterfaceOrientationLandscapeRight";
				INFOPLIST_KEY_UISupportedInterfaceOrientations_iPhone = "UIInterfaceOrientationPortrait UIInterfaceOrientationLandscapeLeft UIInterfaceOrientationLandscapeRight";
				IPHONEOS_DEPLOYMENT_TARGET = 16.2;
				LD_RUNPATH_SEARCH_PATHS = "@executable_path/Frameworks";
				"LD_RUNPATH_SEARCH_PATHS[sdk=macosx*]" = "@executable_path/../Frameworks";
				MACOSX_DEPLOYMENT_TARGET = 13.1;
				MARKETING_VERSION = 1.0;
				PRODUCT_BUNDLE_IDENTIFIER = bung.tempdemp;
				PRODUCT_NAME = "$(TARGET_NAME)";
				SDKROOT = auto;
				SUPPORTED_PLATFORMS = "iphoneos iphonesimulator macosx";
				SWIFT_EMIT_LOC_STRINGS = YES;
				SWIFT_VERSION = 5.0;
				TARGETED_DEVICE_FAMILY = "1,2";
			};
			name = Debug;
		};
		3ED2DCB62981B06D0085A5B5 /* Release */ = {
			isa = XCBuildConfiguration;
			buildSettings = {
				ASSETCATALOG_COMPILER_APPICON_NAME = AppIcon;
				ASSETCATALOG_COMPILER_GLOBAL_ACCENT_COLOR_NAME = AccentColor;
				CODE_SIGN_ENTITLEMENTS = tempdemp/tempdemp.entitlements;
				CODE_SIGN_STYLE = Automatic;
				CURRENT_PROJECT_VERSION = 1;
				DEVELOPMENT_ASSET_PATHS = "\"tempdemp/Preview Content\"";
				ENABLE_PREVIEWS = YES;
				GENERATE_INFOPLIST_FILE = YES;
				"INFOPLIST_KEY_UIApplicationSceneManifest_Generation[sdk=iphoneos*]" = YES;
				"INFOPLIST_KEY_UIApplicationSceneManifest_Generation[sdk=iphonesimulator*]" = YES;
				"INFOPLIST_KEY_UIApplicationSupportsIndirectInputEvents[sdk=iphoneos*]" = YES;
				"INFOPLIST_KEY_UIApplicationSupportsIndirectInputEvents[sdk=iphonesimulator*]" = YES;
				"INFOPLIST_KEY_UILaunchScreen_Generation[sdk=iphoneos*]" = YES;
				"INFOPLIST_KEY_UILaunchScreen_Generation[sdk=iphonesimulator*]" = YES;
				"INFOPLIST_KEY_UIStatusBarStyle[sdk=iphoneos*]" = UIStatusBarStyleDefault;
				"INFOPLIST_KEY_UIStatusBarStyle[sdk=iphonesimulator*]" = UIStatusBarStyleDefault;
				INFOPLIST_KEY_UISupportedInterfaceOrientations_iPad = "UIInterfaceOrientationPortrait UIInterfaceOrientationPortraitUpsideDown UIInterfaceOrientationLandscapeLeft UIInterfaceOrientationLandscapeRight";
				INFOPLIST_KEY_UISupportedInterfaceOrientations_iPhone = "UIInterfaceOrientationPortrait UIInterfaceOrientationLandscapeLeft UIInterfaceOrientationLandscapeRight";
				IPHONEOS_DEPLOYMENT_TARGET = 16.2;
				LD_RUNPATH_SEARCH_PATHS = "@executable_path/Frameworks";
				"LD_RUNPATH_SEARCH_PATHS[sdk=macosx*]" = "@executable_path/../Frameworks";
				MACOSX_DEPLOYMENT_TARGET = 13.1;
				MARKETING_VERSION = 1.0;
				PRODUCT_BUNDLE_IDENTIFIER = bung.tempdemp;
				PRODUCT_NAME = "$(TARGET_NAME)";
				SDKROOT = auto;
				SUPPORTED_PLATFORMS = "iphoneos iphonesimulator macosx";
				SWIFT_EMIT_LOC_STRINGS = YES;
				SWIFT_VERSION = 5.0;
				TARGETED_DEVICE_FAMILY = "1,2";
			};
			name = Release;
		};
		3ED2DCB82981B06D0085A5B5 /* Debug */ = {
			isa = XCBuildConfiguration;
			buildSettings = {
				ALWAYS_EMBED_SWIFT_STANDARD_LIBRARIES = YES;
				BUNDLE_LOADER = "$(TEST_HOST)";
				CODE_SIGN_STYLE = Automatic;
				CURRENT_PROJECT_VERSION = 1;
				GENERATE_INFOPLIST_FILE = YES;
				IPHONEOS_DEPLOYMENT_TARGET = 16.2;
				MACOSX_DEPLOYMENT_TARGET = 13.1;
				MARKETING_VERSION = 1.0;
				PRODUCT_BUNDLE_IDENTIFIER = bung.tempdempTests;
				PRODUCT_NAME = "$(TARGET_NAME)";
				SDKROOT = auto;
				SUPPORTED_PLATFORMS = "iphoneos iphonesimulator macosx";
				SWIFT_EMIT_LOC_STRINGS = NO;
				SWIFT_VERSION = 5.0;
				TARGETED_DEVICE_FAMILY = "1,2";
				TEST_HOST = "$(BUILT_PRODUCTS_DIR)/tempdemp.app/$(BUNDLE_EXECUTABLE_FOLDER_PATH)/tempdemp";
			};
			name = Debug;
		};
		3ED2DCB92981B06D0085A5B5 /* Release */ = {
			isa = XCBuildConfiguration;
			buildSettings = {
				ALWAYS_EMBED_SWIFT_STANDARD_LIBRARIES = YES;
				BUNDLE_LOADER = "$(TEST_HOST)";
				CODE_SIGN_STYLE = Automatic;
				CURRENT_PROJECT_VERSION = 1;
				GENERATE_INFOPLIST_FILE = YES;
				IPHONEOS_DEPLOYMENT_TARGET = 16.2;
				MACOSX_DEPLOYMENT_TARGET = 13.1;
				MARKETING_VERSION = 1.0;
				PRODUCT_BUNDLE_IDENTIFIER = bung.tempdempTests;
				PRODUCT_NAME = "$(TARGET_NAME)";
				SDKROOT = auto;
				SUPPORTED_PLATFORMS = "iphoneos iphonesimulator macosx";
				SWIFT_EMIT_LOC_STRINGS = NO;
				SWIFT_VERSION = 5.0;
				TARGETED_DEVICE_FAMILY = "1,2";
				TEST_HOST = "$(BUILT_PRODUCTS_DIR)/tempdemp.app/$(BUNDLE_EXECUTABLE_FOLDER_PATH)/tempdemp";
			};
			name = Release;
		};
		3ED2DCBB2981B06D0085A5B5 /* Debug */ = {
			isa = XCBuildConfiguration;
			buildSettings = {
				ALWAYS_EMBED_SWIFT_STANDARD_LIBRARIES = YES;
				CODE_SIGN_STYLE = Automatic;
				CURRENT_PROJECT_VERSION = 1;
				GENERATE_INFOPLIST_FILE = YES;
				IPHONEOS_DEPLOYMENT_TARGET = 16.2;
				MACOSX_DEPLOYMENT_TARGET = 13.1;
				MARKETING_VERSION = 1.0;
				PRODUCT_BUNDLE_IDENTIFIER = bung.tempdempUITests;
				PRODUCT_NAME = "$(TARGET_NAME)";
				SDKROOT = auto;
				SUPPORTED_PLATFORMS = "iphoneos iphonesimulator macosx";
				SWIFT_EMIT_LOC_STRINGS = NO;
				SWIFT_VERSION = 5.0;
				TARGETED_DEVICE_FAMILY = "1,2";
				TEST_TARGET_NAME = tempdemp;
			};
			name = Debug;
		};
		3ED2DCBC2981B06D0085A5B5 /* Release */ = {
			isa = XCBuildConfiguration;
			buildSettings = {
				ALWAYS_EMBED_SWIFT_STANDARD_LIBRARIES = YES;
				CODE_SIGN_STYLE = Automatic;
				CURRENT_PROJECT_VERSION = 1;
				GENERATE_INFOPLIST_FILE = YES;
				IPHONEOS_DEPLOYMENT_TARGET = 16.2;
				MACOSX_DEPLOYMENT_TARGET = 13.1;
				MARKETING_VERSION = 1.0;
				PRODUCT_BUNDLE_IDENTIFIER = bung.tempdempUITests;
				PRODUCT_NAME = "$(TARGET_NAME)";
				SDKROOT = auto;
				SUPPORTED_PLATFORMS = "iphoneos iphonesimulator macosx";
				SWIFT_EMIT_LOC_STRINGS = NO;
				SWIFT_VERSION = 5.0;
				TARGETED_DEVICE_FAMILY = "1,2";
				TEST_TARGET_NAME = tempdemp;
			};
			name = Release;
		};
/* End XCBuildConfiguration section */

/* Begin XCConfigurationList section */
		3ED2DC8A2981B06A0085A5B5 /* Build configuration list for PBXProject "tempdemp" */ = {
			isa = XCConfigurationList;
			buildConfigurations = (
				3ED2DCB22981B06D0085A5B5 /* Debug */,
				3ED2DCB32981B06D0085A5B5 /* Release */,
			);
			defaultConfigurationIsVisible = 0;
			defaultConfigurationName = Release;
		};
		3ED2DCB42981B06D0085A5B5 /* Build configuration list for PBXNativeTarget "tempdemp" */ = {
			isa = XCConfigurationList;
			buildConfigurations = (
				3ED2DCB52981B06D0085A5B5 /* Debug */,
				3ED2DCB62981B06D0085A5B5 /* Release */,
			);
			defaultConfigurationIsVisible = 0;
			defaultConfigurationName = Release;
		};
		3ED2DCB72981B06D0085A5B5 /* Build configuration list for PBXNativeTarget "tempdempTests" */ = {
			isa = XCConfigurationList;
			buildConfigurations = (
				3ED2DCB82981B06D0085A5B5 /* Debug */,
				3ED2DCB92981B06D0085A5B5 /* Release */,
			);
			defaultConfigurationIsVisible = 0;
			defaultConfigurationName = Release;
		};
		3ED2DCBA2981B06D0085A5B5 /* Build configuration list for PBXNativeTarget "tempdempUITests" */ = {
			isa = XCConfigurationList;
			buildConfigurations = (
				3ED2DCBB2981B06D0085A5B5 /* Debug */,
				3ED2DCBC2981B06D0085A5B5 /* Release */,
			);
			defaultConfigurationIsVisible = 0;
			defaultConfigurationName = Release;
		};
/* End XCConfigurationList section */
	};
	rootObject = 3ED2DC872981B06A0085A5B5 /* Project object */;
}
