// !$*UTF8*$!
{
	archiveVersion = 1;
	classes = {
	};
	objectVersion = 56;
	objects = {

/* Begin PBXBuildFile section */
		3ED2DCCA2981BEF90085A5B5 /* wesplitApp.swift in Sources */ = {isa = PBXBuildFile; fileRef = 3ED2DCC92981BEF90085A5B5 /* wesplitApp.swift */; };
		3ED2DCCC2981BEF90085A5B5 /* ContentView.swift in Sources */ = {isa = PBXBuildFile; fileRef = 3ED2DCCB2981BEF90085A5B5 /* ContentView.swift */; };
		3ED2DCCE2981BEFC0085A5B5 /* Assets.xcassets in Resources */ = {isa = PBXBuildFile; fileRef = 3ED2DCCD2981BEFC0085A5B5 /* Assets.xcassets */; };
		3ED2DCD22981BEFC0085A5B5 /* Preview Assets.xcassets in Resources */ = {isa = PBXBuildFile; fileRef = 3ED2DCD12981BEFC0085A5B5 /* Preview Assets.xcassets */; };
		3ED2DCDC2981BEFD0085A5B5 /* wesplitTests.swift in Sources */ = {isa = PBXBuildFile; fileRef = 3ED2DCDB2981BEFD0085A5B5 /* wesplitTests.swift */; };
		3ED2DCE62981BEFD0085A5B5 /* wesplitUITests.swift in Sources */ = {isa = PBXBuildFile; fileRef = 3ED2DCE52981BEFD0085A5B5 /* wesplitUITests.swift */; };
		3ED2DCE82981BEFD0085A5B5 /* wesplitUITestsLaunchTests.swift in Sources */ = {isa = PBXBuildFile; fileRef = 3ED2DCE72981BEFD0085A5B5 /* wesplitUITestsLaunchTests.swift */; };
/* End PBXBuildFile section */

/* Begin PBXContainerItemProxy section */
		3ED2DCD82981BEFD0085A5B5 /* PBXContainerItemProxy */ = {
			isa = PBXContainerItemProxy;
			containerPortal = 3ED2DCBE2981BEF90085A5B5 /* Project object */;
			proxyType = 1;
			remoteGlobalIDString = 3ED2DCC52981BEF90085A5B5;
			remoteInfo = wesplit;
		};
		3ED2DCE22981BEFD0085A5B5 /* PBXContainerItemProxy */ = {
			isa = PBXContainerItemProxy;
			containerPortal = 3ED2DCBE2981BEF90085A5B5 /* Project object */;
			proxyType = 1;
			remoteGlobalIDString = 3ED2DCC52981BEF90085A5B5;
			remoteInfo = wesplit;
		};
/* End PBXContainerItemProxy section */

/* Begin PBXFileReference section */
		3ED2DCC62981BEF90085A5B5 /* wesplit.app */ = {isa = PBXFileReference; explicitFileType = wrapper.application; includeInIndex = 0; path = wesplit.app; sourceTree = BUILT_PRODUCTS_DIR; };
		3ED2DCC92981BEF90085A5B5 /* wesplitApp.swift */ = {isa = PBXFileReference; lastKnownFileType = sourcecode.swift; path = wesplitApp.swift; sourceTree = "<group>"; };
		3ED2DCCB2981BEF90085A5B5 /* ContentView.swift */ = {isa = PBXFileReference; lastKnownFileType = sourcecode.swift; path = ContentView.swift; sourceTree = "<group>"; };
		3ED2DCCD2981BEFC0085A5B5 /* Assets.xcassets */ = {isa = PBXFileReference; lastKnownFileType = folder.assetcatalog; path = Assets.xcassets; sourceTree = "<group>"; };
		3ED2DCCF2981BEFC0085A5B5 /* wesplit.entitlements */ = {isa = PBXFileReference; lastKnownFileType = text.plist.entitlements; path = wesplit.entitlements; sourceTree = "<group>"; };
		3ED2DCD12981BEFC0085A5B5 /* Preview Assets.xcassets */ = {isa = PBXFileReference; lastKnownFileType = folder.assetcatalog; path = "Preview Assets.xcassets"; sourceTree = "<group>"; };
		3ED2DCD72981BEFD0085A5B5 /* wesplitTests.xctest */ = {isa = PBXFileReference; explicitFileType = wrapper.cfbundle; includeInIndex = 0; path = wesplitTests.xctest; sourceTree = BUILT_PRODUCTS_DIR; };
		3ED2DCDB2981BEFD0085A5B5 /* wesplitTests.swift */ = {isa = PBXFileReference; lastKnownFileType = sourcecode.swift; path = wesplitTests.swift; sourceTree = "<group>"; };
		3ED2DCE12981BEFD0085A5B5 /* wesplitUITests.xctest */ = {isa = PBXFileReference; explicitFileType = wrapper.cfbundle; includeInIndex = 0; path = wesplitUITests.xctest; sourceTree = BUILT_PRODUCTS_DIR; };
		3ED2DCE52981BEFD0085A5B5 /* wesplitUITests.swift */ = {isa = PBXFileReference; lastKnownFileType = sourcecode.swift; path = wesplitUITests.swift; sourceTree = "<group>"; };
		3ED2DCE72981BEFD0085A5B5 /* wesplitUITestsLaunchTests.swift */ = {isa = PBXFileReference; lastKnownFileType = sourcecode.swift; path = wesplitUITestsLaunchTests.swift; sourceTree = "<group>"; };
/* End PBXFileReference section */

/* Begin PBXFrameworksBuildPhase section */
		3ED2DCC32981BEF90085A5B5 /* Frameworks */ = {
			isa = PBXFrameworksBuildPhase;
			buildActionMask = 2147483647;
			files = (
			);
			runOnlyForDeploymentPostprocessing = 0;
		};
		3ED2DCD42981BEFD0085A5B5 /* Frameworks */ = {
			isa = PBXFrameworksBuildPhase;
			buildActionMask = 2147483647;
			files = (
			);
			runOnlyForDeploymentPostprocessing = 0;
		};
		3ED2DCDE2981BEFD0085A5B5 /* Frameworks */ = {
			isa = PBXFrameworksBuildPhase;
			buildActionMask = 2147483647;
			files = (
			);
			runOnlyForDeploymentPostprocessing = 0;
		};
/* End PBXFrameworksBuildPhase section */

/* Begin PBXGroup section */
		3ED2DCBD2981BEF90085A5B5 = {
			isa = PBXGroup;
			children = (
				3ED2DCC82981BEF90085A5B5 /* wesplit */,
				3ED2DCDA2981BEFD0085A5B5 /* wesplitTests */,
				3ED2DCE42981BEFD0085A5B5 /* wesplitUITests */,
				3ED2DCC72981BEF90085A5B5 /* Products */,
			);
			sourceTree = "<group>";
		};
		3ED2DCC72981BEF90085A5B5 /* Products */ = {
			isa = PBXGroup;
			children = (
				3ED2DCC62981BEF90085A5B5 /* wesplit.app */,
				3ED2DCD72981BEFD0085A5B5 /* wesplitTests.xctest */,
				3ED2DCE12981BEFD0085A5B5 /* wesplitUITests.xctest */,
			);
			name = Products;
			sourceTree = "<group>";
		};
		3ED2DCC82981BEF90085A5B5 /* wesplit */ = {
			isa = PBXGroup;
			children = (
				3ED2DCC92981BEF90085A5B5 /* wesplitApp.swift */,
				3ED2DCCB2981BEF90085A5B5 /* ContentView.swift */,
				3ED2DCCD2981BEFC0085A5B5 /* Assets.xcassets */,
				3ED2DCCF2981BEFC0085A5B5 /* wesplit.entitlements */,
				3ED2DCD02981BEFC0085A5B5 /* Preview Content */,
			);
			path = wesplit;
			sourceTree = "<group>";
		};
		3ED2DCD02981BEFC0085A5B5 /* Preview Content */ = {
			isa = PBXGroup;
			children = (
				3ED2DCD12981BEFC0085A5B5 /* Preview Assets.xcassets */,
			);
			path = "Preview Content";
			sourceTree = "<group>";
		};
		3ED2DCDA2981BEFD0085A5B5 /* wesplitTests */ = {
			isa = PBXGroup;
			children = (
				3ED2DCDB2981BEFD0085A5B5 /* wesplitTests.swift */,
			);
			path = wesplitTests;
			sourceTree = "<group>";
		};
		3ED2DCE42981BEFD0085A5B5 /* wesplitUITests */ = {
			isa = PBXGroup;
			children = (
				3ED2DCE52981BEFD0085A5B5 /* wesplitUITests.swift */,
				3ED2DCE72981BEFD0085A5B5 /* wesplitUITestsLaunchTests.swift */,
			);
			path = wesplitUITests;
			sourceTree = "<group>";
		};
/* End PBXGroup section */

/* Begin PBXNativeTarget section */
		3ED2DCC52981BEF90085A5B5 /* wesplit */ = {
			isa = PBXNativeTarget;
			buildConfigurationList = 3ED2DCEB2981BEFD0085A5B5 /* Build configuration list for PBXNativeTarget "wesplit" */;
			buildPhases = (
				3ED2DCC22981BEF90085A5B5 /* Sources */,
				3ED2DCC32981BEF90085A5B5 /* Frameworks */,
				3ED2DCC42981BEF90085A5B5 /* Resources */,
			);
			buildRules = (
			);
			dependencies = (
			);
			name = wesplit;
			productName = wesplit;
			productReference = 3ED2DCC62981BEF90085A5B5 /* wesplit.app */;
			productType = "com.apple.product-type.application";
		};
		3ED2DCD62981BEFD0085A5B5 /* wesplitTests */ = {
			isa = PBXNativeTarget;
			buildConfigurationList = 3ED2DCEE2981BEFD0085A5B5 /* Build configuration list for PBXNativeTarget "wesplitTests" */;
			buildPhases = (
				3ED2DCD32981BEFD0085A5B5 /* Sources */,
				3ED2DCD42981BEFD0085A5B5 /* Frameworks */,
				3ED2DCD52981BEFD0085A5B5 /* Resources */,
			);
			buildRules = (
			);
			dependencies = (
				3ED2DCD92981BEFD0085A5B5 /* PBXTargetDependency */,
			);
			name = wesplitTests;
			productName = wesplitTests;
			productReference = 3ED2DCD72981BEFD0085A5B5 /* wesplitTests.xctest */;
			productType = "com.apple.product-type.bundle.unit-test";
		};
		3ED2DCE02981BEFD0085A5B5 /* wesplitUITests */ = {
			isa = PBXNativeTarget;
			buildConfigurationList = 3ED2DCF12981BEFD0085A5B5 /* Build configuration list for PBXNativeTarget "wesplitUITests" */;
			buildPhases = (
				3ED2DCDD2981BEFD0085A5B5 /* Sources */,
				3ED2DCDE2981BEFD0085A5B5 /* Frameworks */,
				3ED2DCDF2981BEFD0085A5B5 /* Resources */,
			);
			buildRules = (
			);
			dependencies = (
				3ED2DCE32981BEFD0085A5B5 /* PBXTargetDependency */,
			);
			name = wesplitUITests;
			productName = wesplitUITests;
			productReference = 3ED2DCE12981BEFD0085A5B5 /* wesplitUITests.xctest */;
			productType = "com.apple.product-type.bundle.ui-testing";
		};
/* End PBXNativeTarget section */

/* Begin PBXProject section */
		3ED2DCBE2981BEF90085A5B5 /* Project object */ = {
			isa = PBXProject;
			attributes = {
				BuildIndependentTargetsInParallel = 1;
				LastSwiftUpdateCheck = 1420;
				LastUpgradeCheck = 1420;
				TargetAttributes = {
					3ED2DCC52981BEF90085A5B5 = {
						CreatedOnToolsVersion = 14.2;
					};
					3ED2DCD62981BEFD0085A5B5 = {
						CreatedOnToolsVersion = 14.2;
						TestTargetID = 3ED2DCC52981BEF90085A5B5;
					};
					3ED2DCE02981BEFD0085A5B5 = {
						CreatedOnToolsVersion = 14.2;
						TestTargetID = 3ED2DCC52981BEF90085A5B5;
					};
				};
			};
			buildConfigurationList = 3ED2DCC12981BEF90085A5B5 /* Build configuration list for PBXProject "wesplit" */;
			compatibilityVersion = "Xcode 14.0";
			developmentRegion = en;
			hasScannedForEncodings = 0;
			knownRegions = (
				en,
				Base,
			);
			mainGroup = 3ED2DCBD2981BEF90085A5B5;
			productRefGroup = 3ED2DCC72981BEF90085A5B5 /* Products */;
			projectDirPath = "";
			projectRoot = "";
			targets = (
				3ED2DCC52981BEF90085A5B5 /* wesplit */,
				3ED2DCD62981BEFD0085A5B5 /* wesplitTests */,
				3ED2DCE02981BEFD0085A5B5 /* wesplitUITests */,
			);
		};
/* End PBXProject section */

/* Begin PBXResourcesBuildPhase section */
		3ED2DCC42981BEF90085A5B5 /* Resources */ = {
			isa = PBXResourcesBuildPhase;
			buildActionMask = 2147483647;
			files = (
				3ED2DCD22981BEFC0085A5B5 /* Preview Assets.xcassets in Resources */,
				3ED2DCCE2981BEFC0085A5B5 /* Assets.xcassets in Resources */,
			);
			runOnlyForDeploymentPostprocessing = 0;
		};
		3ED2DCD52981BEFD0085A5B5 /* Resources */ = {
			isa = PBXResourcesBuildPhase;
			buildActionMask = 2147483647;
			files = (
			);
			runOnlyForDeploymentPostprocessing = 0;
		};
		3ED2DCDF2981BEFD0085A5B5 /* Resources */ = {
			isa = PBXResourcesBuildPhase;
			buildActionMask = 2147483647;
			files = (
			);
			runOnlyForDeploymentPostprocessing = 0;
		};
/* End PBXResourcesBuildPhase section */

/* Begin PBXSourcesBuildPhase section */
		3ED2DCC22981BEF90085A5B5 /* Sources */ = {
			isa = PBXSourcesBuildPhase;
			buildActionMask = 2147483647;
			files = (
				3ED2DCCC2981BEF90085A5B5 /* ContentView.swift in Sources */,
				3ED2DCCA2981BEF90085A5B5 /* wesplitApp.swift in Sources */,
			);
			runOnlyForDeploymentPostprocessing = 0;
		};
		3ED2DCD32981BEFD0085A5B5 /* Sources */ = {
			isa = PBXSourcesBuildPhase;
			buildActionMask = 2147483647;
			files = (
				3ED2DCDC2981BEFD0085A5B5 /* wesplitTests.swift in Sources */,
			);
			runOnlyForDeploymentPostprocessing = 0;
		};
		3ED2DCDD2981BEFD0085A5B5 /* Sources */ = {
			isa = PBXSourcesBuildPhase;
			buildActionMask = 2147483647;
			files = (
				3ED2DCE62981BEFD0085A5B5 /* wesplitUITests.swift in Sources */,
				3ED2DCE82981BEFD0085A5B5 /* wesplitUITestsLaunchTests.swift in Sources */,
			);
			runOnlyForDeploymentPostprocessing = 0;
		};
/* End PBXSourcesBuildPhase section */

/* Begin PBXTargetDependency section */
		3ED2DCD92981BEFD0085A5B5 /* PBXTargetDependency */ = {
			isa = PBXTargetDependency;
			target = 3ED2DCC52981BEF90085A5B5 /* wesplit */;
			targetProxy = 3ED2DCD82981BEFD0085A5B5 /* PBXContainerItemProxy */;
		};
		3ED2DCE32981BEFD0085A5B5 /* PBXTargetDependency */ = {
			isa = PBXTargetDependency;
			target = 3ED2DCC52981BEF90085A5B5 /* wesplit */;
			targetProxy = 3ED2DCE22981BEFD0085A5B5 /* PBXContainerItemProxy */;
		};
/* End PBXTargetDependency section */

/* Begin XCBuildConfiguration section */
		3ED2DCE92981BEFD0085A5B5 /* Debug */ = {
			isa = XCBuildConfiguration;
			buildSettings = {
				ALWAYS_SEARCH_USER_PATHS = NO;
				CLANG_ANALYZER_NONNULL = YES;
				CLANG_ANALYZER_NUMBER_OBJECT_CONVERSION = YES_AGGRESSIVE;
				CLANG_CXX_LANGUAGE_STANDARD = "gnu++20";
				CLANG_ENABLE_MODULES = YES;
				CLANG_ENABLE_OBJC_ARC = YES;
				CLANG_ENABLE_OBJC_WEAK = YES;
				CLANG_WARN_BLOCK_CAPTURE_AUTORELEASING = YES;
				CLANG_WARN_BOOL_CONVERSION = YES;
				CLANG_WARN_COMMA = YES;
				CLANG_WARN_CONSTANT_CONVERSION = YES;
				CLANG_WARN_DEPRECATED_OBJC_IMPLEMENTATIONS = YES;
				CLANG_WARN_DIRECT_OBJC_ISA_USAGE = YES_ERROR;
				CLANG_WARN_DOCUMENTATION_COMMENTS = YES;
				CLANG_WARN_EMPTY_BODY = YES;
				CLANG_WARN_ENUM_CONVERSION = YES;
				CLANG_WARN_INFINITE_RECURSION = YES;
				CLANG_WARN_INT_CONVERSION = YES;
				CLANG_WARN_NON_LITERAL_NULL_CONVERSION = YES;
				CLANG_WARN_OBJC_IMPLICIT_RETAIN_SELF = YES;
				CLANG_WARN_OBJC_LITERAL_CONVERSION = YES;
				CLANG_WARN_OBJC_ROOT_CLASS = YES_ERROR;
				CLANG_WARN_QUOTED_INCLUDE_IN_FRAMEWORK_HEADER = YES;
				CLANG_WARN_RANGE_LOOP_ANALYSIS = YES;
				CLANG_WARN_STRICT_PROTOTYPES = YES;
				CLANG_WARN_SUSPICIOUS_MOVE = YES;
				CLANG_WARN_UNGUARDED_AVAILABILITY = YES_AGGRESSIVE;
				CLANG_WARN_UNREACHABLE_CODE = YES;
				CLANG_WARN__DUPLICATE_METHOD_MATCH = YES;
				COPY_PHASE_STRIP = NO;
				DEBUG_INFORMATION_FORMAT = dwarf;
				ENABLE_STRICT_OBJC_MSGSEND = YES;
				ENABLE_TESTABILITY = YES;
				GCC_C_LANGUAGE_STANDARD = gnu11;
				GCC_DYNAMIC_NO_PIC = NO;
				GCC_NO_COMMON_BLOCKS = YES;
				GCC_OPTIMIZATION_LEVEL = 0;
				GCC_PREPROCESSOR_DEFINITIONS = (
					"DEBUG=1",
					"$(inherited)",
				);
				GCC_WARN_64_TO_32_BIT_CONVERSION = YES;
				GCC_WARN_ABOUT_RETURN_TYPE = YES_ERROR;
				GCC_WARN_UNDECLARED_SELECTOR = YES;
				GCC_WARN_UNINITIALIZED_AUTOS = YES_AGGRESSIVE;
				GCC_WARN_UNUSED_FUNCTION = YES;
				GCC_WARN_UNUSED_VARIABLE = YES;
				MTL_ENABLE_DEBUG_INFO = INCLUDE_SOURCE;
				MTL_FAST_MATH = YES;
				ONLY_ACTIVE_ARCH = YES;
				SWIFT_ACTIVE_COMPILATION_CONDITIONS = DEBUG;
				SWIFT_OPTIMIZATION_LEVEL = "-Onone";
			};
			name = Debug;
		};
		3ED2DCEA2981BEFD0085A5B5 /* Release */ = {
			isa = XCBuildConfiguration;
			buildSettings = {
				ALWAYS_SEARCH_USER_PATHS = NO;
				CLANG_ANALYZER_NONNULL = YES;
				CLANG_ANALYZER_NUMBER_OBJECT_CONVERSION = YES_AGGRESSIVE;
				CLANG_CXX_LANGUAGE_STANDARD = "gnu++20";
				CLANG_ENABLE_MODULES = YES;
				CLANG_ENABLE_OBJC_ARC = YES;
				CLANG_ENABLE_OBJC_WEAK = YES;
				CLANG_WARN_BLOCK_CAPTURE_AUTORELEASING = YES;
				CLANG_WARN_BOOL_CONVERSION = YES;
				CLANG_WARN_COMMA = YES;
				CLANG_WARN_CONSTANT_CONVERSION = YES;
				CLANG_WARN_DEPRECATED_OBJC_IMPLEMENTATIONS = YES;
				CLANG_WARN_DIRECT_OBJC_ISA_USAGE = YES_ERROR;
				CLANG_WARN_DOCUMENTATION_COMMENTS = YES;
				CLANG_WARN_EMPTY_BODY = YES;
				CLANG_WARN_ENUM_CONVERSION = YES;
				CLANG_WARN_INFINITE_RECURSION = YES;
				CLANG_WARN_INT_CONVERSION = YES;
				CLANG_WARN_NON_LITERAL_NULL_CONVERSION = YES;
				CLANG_WARN_OBJC_IMPLICIT_RETAIN_SELF = YES;
				CLANG_WARN_OBJC_LITERAL_CONVERSION = YES;
				CLANG_WARN_OBJC_ROOT_CLASS = YES_ERROR;
				CLANG_WARN_QUOTED_INCLUDE_IN_FRAMEWORK_HEADER = YES;
				CLANG_WARN_RANGE_LOOP_ANALYSIS = YES;
				CLANG_WARN_STRICT_PROTOTYPES = YES;
				CLANG_WARN_SUSPICIOUS_MOVE = YES;
				CLANG_WARN_UNGUARDED_AVAILABILITY = YES_AGGRESSIVE;
				CLANG_WARN_UNREACHABLE_CODE = YES;
				CLANG_WARN__DUPLICATE_METHOD_MATCH = YES;
				COPY_PHASE_STRIP = NO;
				DEBUG_INFORMATION_FORMAT = "dwarf-with-dsym";
				ENABLE_NS_ASSERTIONS = NO;
				ENABLE_STRICT_OBJC_MSGSEND = YES;
				GCC_C_LANGUAGE_STANDARD = gnu11;
				GCC_NO_COMMON_BLOCKS = YES;
				GCC_WARN_64_TO_32_BIT_CONVERSION = YES;
				GCC_WARN_ABOUT_RETURN_TYPE = YES_ERROR;
				GCC_WARN_UNDECLARED_SELECTOR = YES;
				GCC_WARN_UNINITIALIZED_AUTOS = YES_AGGRESSIVE;
				GCC_WARN_UNUSED_FUNCTION = YES;
				GCC_WARN_UNUSED_VARIABLE = YES;
				MTL_ENABLE_DEBUG_INFO = NO;
				MTL_FAST_MATH = YES;
				SWIFT_COMPILATION_MODE = wholemodule;
				SWIFT_OPTIMIZATION_LEVEL = "-O";
			};
			name = Release;
		};
		3ED2DCEC2981BEFD0085A5B5 /* Debug */ = {
			isa = XCBuildConfiguration;
			buildSettings = {
				ASSETCATALOG_COMPILER_APPICON_NAME = AppIcon;
				ASSETCATALOG_COMPILER_GLOBAL_ACCENT_COLOR_NAME = AccentColor;
				CODE_SIGN_ENTITLEMENTS = wesplit/wesplit.entitlements;
				CODE_SIGN_STYLE = Automatic;
				CURRENT_PROJECT_VERSION = 1;
				DEVELOPMENT_ASSET_PATHS = "\"wesplit/Preview Content\"";
				ENABLE_PREVIEWS = YES;
				GENERATE_INFOPLIST_FILE = YES;
				"INFOPLIST_KEY_UIApplicationSceneManifest_Generation[sdk=iphoneos*]" = YES;
				"INFOPLIST_KEY_UIApplicationSceneManifest_Generation[sdk=iphonesimulator*]" = YES;
				"INFOPLIST_KEY_UIApplicationSupportsIndirectInputEvents[sdk=iphoneos*]" = YES;
				"INFOPLIST_KEY_UIApplicationSupportsIndirectInputEvents[sdk=iphonesimulator*]" = YES;
				"INFOPLIST_KEY_UILaunchScreen_Generation[sdk=iphoneos*]" = YES;
				"INFOPLIST_KEY_UILaunchScreen_Generation[sdk=iphonesimulator*]" = YES;
				"INFOPLIST_KEY_UIStatusBarStyle[sdk=iphoneos*]" = UIStatusBarStyleDefault;
				"INFOPLIST_KEY_UIStatusBarStyle[sdk=iphonesimulator*]" = UIStatusBarStyleDefault;
				INFOPLIST_KEY_UISupportedInterfaceOrientations_iPad = "UIInterfaceOrientationPortrait UIInterfaceOrientationPortraitUpsideDown UIInterfaceOrientationLandscapeLeft UIInterfaceOrientationLandscapeRight";
				INFOPLIST_KEY_UISupportedInterfaceOrientations_iPhone = "UIInterfaceOrientationPortrait UIInterfaceOrientationLandscapeLeft UIInterfaceOrientationLandscapeRight";
				IPHONEOS_DEPLOYMENT_TARGET = 16.2;
				LD_RUNPATH_SEARCH_PATHS = "@executable_path/Frameworks";
				"LD_RUNPATH_SEARCH_PATHS[sdk=macosx*]" = "@executable_path/../Frameworks";
				MACOSX_DEPLOYMENT_TARGET = 13.1;
				MARKETING_VERSION = 1.0;
				PRODUCT_BUNDLE_IDENTIFIER = bung.wesplit;
				PRODUCT_NAME = "$(TARGET_NAME)";
				SDKROOT = auto;
				SUPPORTED_PLATFORMS = "iphoneos iphonesimulator macosx";
				SWIFT_EMIT_LOC_STRINGS = YES;
				SWIFT_VERSION = 5.0;
				TARGETED_DEVICE_FAMILY = "1,2";
			};
			name = Debug;
		};
		3ED2DCED2981BEFD0085A5B5 /* Release */ = {
			isa = XCBuildConfiguration;
			buildSettings = {
				ASSETCATALOG_COMPILER_APPICON_NAME = AppIcon;
				ASSETCATALOG_COMPILER_GLOBAL_ACCENT_COLOR_NAME = AccentColor;
				CODE_SIGN_ENTITLEMENTS = wesplit/wesplit.entitlements;
				CODE_SIGN_STYLE = Automatic;
				CURRENT_PROJECT_VERSION = 1;
				DEVELOPMENT_ASSET_PATHS = "\"wesplit/Preview Content\"";
				ENABLE_PREVIEWS = YES;
				GENERATE_INFOPLIST_FILE = YES;
				"INFOPLIST_KEY_UIApplicationSceneManifest_Generation[sdk=iphoneos*]" = YES;
				"INFOPLIST_KEY_UIApplicationSceneManifest_Generation[sdk=iphonesimulator*]" = YES;
				"INFOPLIST_KEY_UIApplicationSupportsIndirectInputEvents[sdk=iphoneos*]" = YES;
				"INFOPLIST_KEY_UIApplicationSupportsIndirectInputEvents[sdk=iphonesimulator*]" = YES;
				"INFOPLIST_KEY_UILaunchScreen_Generation[sdk=iphoneos*]" = YES;
				"INFOPLIST_KEY_UILaunchScreen_Generation[sdk=iphonesimulator*]" = YES;
				"INFOPLIST_KEY_UIStatusBarStyle[sdk=iphoneos*]" = UIStatusBarStyleDefault;
				"INFOPLIST_KEY_UIStatusBarStyle[sdk=iphonesimulator*]" = UIStatusBarStyleDefault;
				INFOPLIST_KEY_UISupportedInterfaceOrientations_iPad = "UIInterfaceOrientationPortrait UIInterfaceOrientationPortraitUpsideDown UIInterfaceOrientationLandscapeLeft UIInterfaceOrientationLandscapeRight";
				INFOPLIST_KEY_UISupportedInterfaceOrientations_iPhone = "UIInterfaceOrientationPortrait UIInterfaceOrientationLandscapeLeft UIInterfaceOrientationLandscapeRight";
				IPHONEOS_DEPLOYMENT_TARGET = 16.2;
				LD_RUNPATH_SEARCH_PATHS = "@executable_path/Frameworks";
				"LD_RUNPATH_SEARCH_PATHS[sdk=macosx*]" = "@executable_path/../Frameworks";
				MACOSX_DEPLOYMENT_TARGET = 13.1;
				MARKETING_VERSION = 1.0;
				PRODUCT_BUNDLE_IDENTIFIER = bung.wesplit;
				PRODUCT_NAME = "$(TARGET_NAME)";
				SDKROOT = auto;
				SUPPORTED_PLATFORMS = "iphoneos iphonesimulator macosx";
				SWIFT_EMIT_LOC_STRINGS = YES;
				SWIFT_VERSION = 5.0;
				TARGETED_DEVICE_FAMILY = "1,2";
			};
			name = Release;
		};
		3ED2DCEF2981BEFD0085A5B5 /* Debug */ = {
			isa = XCBuildConfiguration;
			buildSettings = {
				ALWAYS_EMBED_SWIFT_STANDARD_LIBRARIES = YES;
				BUNDLE_LOADER = "$(TEST_HOST)";
				CODE_SIGN_STYLE = Automatic;
				CURRENT_PROJECT_VERSION = 1;
				GENERATE_INFOPLIST_FILE = YES;
				IPHONEOS_DEPLOYMENT_TARGET = 16.2;
				MACOSX_DEPLOYMENT_TARGET = 13.1;
				MARKETING_VERSION = 1.0;
				PRODUCT_BUNDLE_IDENTIFIER = bung.wesplitTests;
				PRODUCT_NAME = "$(TARGET_NAME)";
				SDKROOT = auto;
				SUPPORTED_PLATFORMS = "iphoneos iphonesimulator macosx";
				SWIFT_EMIT_LOC_STRINGS = NO;
				SWIFT_VERSION = 5.0;
				TARGETED_DEVICE_FAMILY = "1,2";
				TEST_HOST = "$(BUILT_PRODUCTS_DIR)/wesplit.app/$(BUNDLE_EXECUTABLE_FOLDER_PATH)/wesplit";
			};
			name = Debug;
		};
		3ED2DCF02981BEFD0085A5B5 /* Release */ = {
			isa = XCBuildConfiguration;
			buildSettings = {
				ALWAYS_EMBED_SWIFT_STANDARD_LIBRARIES = YES;
				BUNDLE_LOADER = "$(TEST_HOST)";
				CODE_SIGN_STYLE = Automatic;
				CURRENT_PROJECT_VERSION = 1;
				GENERATE_INFOPLIST_FILE = YES;
				IPHONEOS_DEPLOYMENT_TARGET = 16.2;
				MACOSX_DEPLOYMENT_TARGET = 13.1;
				MARKETING_VERSION = 1.0;
				PRODUCT_BUNDLE_IDENTIFIER = bung.wesplitTests;
				PRODUCT_NAME = "$(TARGET_NAME)";
				SDKROOT = auto;
				SUPPORTED_PLATFORMS = "iphoneos iphonesimulator macosx";
				SWIFT_EMIT_LOC_STRINGS = NO;
				SWIFT_VERSION = 5.0;
				TARGETED_DEVICE_FAMILY = "1,2";
				TEST_HOST = "$(BUILT_PRODUCTS_DIR)/wesplit.app/$(BUNDLE_EXECUTABLE_FOLDER_PATH)/wesplit";
			};
			name = Release;
		};
		3ED2DCF22981BEFD0085A5B5 /* Debug */ = {
			isa = XCBuildConfiguration;
			buildSettings = {
				ALWAYS_EMBED_SWIFT_STANDARD_LIBRARIES = YES;
				CODE_SIGN_STYLE = Automatic;
				CURRENT_PROJECT_VERSION = 1;
				GENERATE_INFOPLIST_FILE = YES;
				IPHONEOS_DEPLOYMENT_TARGET = 16.2;
				MACOSX_DEPLOYMENT_TARGET = 13.1;
				MARKETING_VERSION = 1.0;
				PRODUCT_BUNDLE_IDENTIFIER = bung.wesplitUITests;
				PRODUCT_NAME = "$(TARGET_NAME)";
				SDKROOT = auto;
				SUPPORTED_PLATFORMS = "iphoneos iphonesimulator macosx";
				SWIFT_EMIT_LOC_STRINGS = NO;
				SWIFT_VERSION = 5.0;
				TARGETED_DEVICE_FAMILY = "1,2";
				TEST_TARGET_NAME = wesplit;
			};
			name = Debug;
		};
		3ED2DCF32981BEFD0085A5B5 /* Release */ = {
			isa = XCBuildConfiguration;
			buildSettings = {
				ALWAYS_EMBED_SWIFT_STANDARD_LIBRARIES = YES;
				CODE_SIGN_STYLE = Automatic;
				CURRENT_PROJECT_VERSION = 1;
				GENERATE_INFOPLIST_FILE = YES;
				IPHONEOS_DEPLOYMENT_TARGET = 16.2;
				MACOSX_DEPLOYMENT_TARGET = 13.1;
				MARKETING_VERSION = 1.0;
				PRODUCT_BUNDLE_IDENTIFIER = bung.wesplitUITests;
				PRODUCT_NAME = "$(TARGET_NAME)";
				SDKROOT = auto;
				SUPPORTED_PLATFORMS = "iphoneos iphonesimulator macosx";
				SWIFT_EMIT_LOC_STRINGS = NO;
				SWIFT_VERSION = 5.0;
				TARGETED_DEVICE_FAMILY = "1,2";
				TEST_TARGET_NAME = wesplit;
			};
			name = Release;
		};
/* End XCBuildConfiguration section */

/* Begin XCConfigurationList section */
		3ED2DCC12981BEF90085A5B5 /* Build configuration list for PBXProject "wesplit" */ = {
			isa = XCConfigurationList;
			buildConfigurations = (
				3ED2DCE92981BEFD0085A5B5 /* Debug */,
				3ED2DCEA2981BEFD0085A5B5 /* Release */,
			);
			defaultConfigurationIsVisible = 0;
			defaultConfigurationName = Release;
		};
		3ED2DCEB2981BEFD0085A5B5 /* Build configuration list for PBXNativeTarget "wesplit" */ = {
			isa = XCConfigurationList;
			buildConfigurations = (
				3ED2DCEC2981BEFD0085A5B5 /* Debug */,
				3ED2DCED2981BEFD0085A5B5 /* Release */,
			);
			defaultConfigurationIsVisible = 0;
			defaultConfigurationName = Release;
		};
		3ED2DCEE2981BEFD0085A5B5 /* Build configuration list for PBXNativeTarget "wesplitTests" */ = {
			isa = XCConfigurationList;
			buildConfigurations = (
				3ED2DCEF2981BEFD0085A5B5 /* Debug */,
				3ED2DCF02981BEFD0085A5B5 /* Release */,
			);
			defaultConfigurationIsVisible = 0;
			defaultConfigurationName = Release;
		};
		3ED2DCF12981BEFD0085A5B5 /* Build configuration list for PBXNativeTarget "wesplitUITests" */ = {
			isa = XCConfigurationList;
			buildConfigurations = (
				3ED2DCF22981BEFD0085A5B5 /* Debug */,
				3ED2DCF32981BEFD0085A5B5 /* Release */,
			);
			defaultConfigurationIsVisible = 0;
			defaultConfigurationName = Release;
		};
/* End XCConfigurationList section */
	};
	rootObject = 3ED2DCBE2981BEF90085A5B5 /* Project object */;
}
