// !$*UTF8*$!
{
	archiveVersion = 1;
	classes = {
	};
	objectVersion = 56;
	objects = {

/* Begin PBXBuildFile section */
		3EE054D929B1699A0090FE66 /* AppDelegate.swift in Sources */ = {isa = PBXBuildFile; fileRef = 3EE054D829B1699A0090FE66 /* AppDelegate.swift */; };
		3EE054DB29B1699A0090FE66 /* ContentView.swift in Sources */ = {isa = PBXBuildFile; fileRef = 3EE054DA29B1699A0090FE66 /* ContentView.swift */; };
		3EE054DD29B1699A0090FE66 /* Experience.rcproject in Sources */ = {isa = PBXBuildFile; fileRef = 3EE054DC29B1699A0090FE66 /* Experience.rcproject */; };
		3EE054DF29B1699C0090FE66 /* Assets.xcassets in Resources */ = {isa = PBXBuildFile; fileRef = 3EE054DE29B1699C0090FE66 /* Assets.xcassets */; };
		3EE054E229B1699C0090FE66 /* Preview Assets.xcassets in Resources */ = {isa = PBXBuildFile; fileRef = 3EE054E129B1699C0090FE66 /* Preview Assets.xcassets */; };
		3EE054EC29B1699C0090FE66 /* boratTests.swift in Sources */ = {isa = PBXBuildFile; fileRef = 3EE054EB29B1699C0090FE66 /* boratTests.swift */; };
		3EE054F629B1699C0090FE66 /* boratUITests.swift in Sources */ = {isa = PBXBuildFile; fileRef = 3EE054F529B1699C0090FE66 /* boratUITests.swift */; };
		3EE054F829B1699C0090FE66 /* boratUITestsLaunchTests.swift in Sources */ = {isa = PBXBuildFile; fileRef = 3EE054F729B1699C0090FE66 /* boratUITestsLaunchTests.swift */; };
/* End PBXBuildFile section */

/* Begin PBXContainerItemProxy section */
		3EE054E829B1699C0090FE66 /* PBXContainerItemProxy */ = {
			isa = PBXContainerItemProxy;
			containerPortal = 3EE054CD29B1699A0090FE66 /* Project object */;
			proxyType = 1;
			remoteGlobalIDString = 3EE054D429B1699A0090FE66;
			remoteInfo = borat;
		};
		3EE054F229B1699C0090FE66 /* PBXContainerItemProxy */ = {
			isa = PBXContainerItemProxy;
			containerPortal = 3EE054CD29B1699A0090FE66 /* Project object */;
			proxyType = 1;
			remoteGlobalIDString = 3EE054D429B1699A0090FE66;
			remoteInfo = borat;
		};
/* End PBXContainerItemProxy section */

/* Begin PBXFileReference section */
		3EE054D529B1699A0090FE66 /* borat.app */ = {isa = PBXFileReference; explicitFileType = wrapper.application; includeInIndex = 0; path = borat.app; sourceTree = BUILT_PRODUCTS_DIR; };
		3EE054D829B1699A0090FE66 /* AppDelegate.swift */ = {isa = PBXFileReference; lastKnownFileType = sourcecode.swift; path = AppDelegate.swift; sourceTree = "<group>"; };
		3EE054DA29B1699A0090FE66 /* ContentView.swift */ = {isa = PBXFileReference; lastKnownFileType = sourcecode.swift; path = ContentView.swift; sourceTree = "<group>"; };
		3EE054DC29B1699A0090FE66 /* Experience.rcproject */ = {isa = PBXFileReference; lastKnownFileType = file.rcproject; path = Experience.rcproject; sourceTree = "<group>"; };
		3EE054DE29B1699C0090FE66 /* Assets.xcassets */ = {isa = PBXFileReference; lastKnownFileType = folder.assetcatalog; path = Assets.xcassets; sourceTree = "<group>"; };
		3EE054E129B1699C0090FE66 /* Preview Assets.xcassets */ = {isa = PBXFileReference; lastKnownFileType = folder.assetcatalog; path = "Preview Assets.xcassets"; sourceTree = "<group>"; };
		3EE054E729B1699C0090FE66 /* boratTests.xctest */ = {isa = PBXFileReference; explicitFileType = wrapper.cfbundle; includeInIndex = 0; path = boratTests.xctest; sourceTree = BUILT_PRODUCTS_DIR; };
		3EE054EB29B1699C0090FE66 /* boratTests.swift */ = {isa = PBXFileReference; lastKnownFileType = sourcecode.swift; path = boratTests.swift; sourceTree = "<group>"; };
		3EE054F129B1699C0090FE66 /* boratUITests.xctest */ = {isa = PBXFileReference; explicitFileType = wrapper.cfbundle; includeInIndex = 0; path = boratUITests.xctest; sourceTree = BUILT_PRODUCTS_DIR; };
		3EE054F529B1699C0090FE66 /* boratUITests.swift */ = {isa = PBXFileReference; lastKnownFileType = sourcecode.swift; path = boratUITests.swift; sourceTree = "<group>"; };
		3EE054F729B1699C0090FE66 /* boratUITestsLaunchTests.swift */ = {isa = PBXFileReference; lastKnownFileType = sourcecode.swift; path = boratUITestsLaunchTests.swift; sourceTree = "<group>"; };
/* End PBXFileReference section */

/* Begin PBXFrameworksBuildPhase section */
		3EE054D229B1699A0090FE66 /* Frameworks */ = {
			isa = PBXFrameworksBuildPhase;
			buildActionMask = 2147483647;
			files = (
			);
			runOnlyForDeploymentPostprocessing = 0;
		};
		3EE054E429B1699C0090FE66 /* Frameworks */ = {
			isa = PBXFrameworksBuildPhase;
			buildActionMask = 2147483647;
			files = (
			);
			runOnlyForDeploymentPostprocessing = 0;
		};
		3EE054EE29B1699C0090FE66 /* Frameworks */ = {
			isa = PBXFrameworksBuildPhase;
			buildActionMask = 2147483647;
			files = (
			);
			runOnlyForDeploymentPostprocessing = 0;
		};
/* End PBXFrameworksBuildPhase section */

/* Begin PBXGroup section */
		3EE054CC29B1699A0090FE66 = {
			isa = PBXGroup;
			children = (
				3EE054D729B1699A0090FE66 /* borat */,
				3EE054EA29B1699C0090FE66 /* boratTests */,
				3EE054F429B1699C0090FE66 /* boratUITests */,
				3EE054D629B1699A0090FE66 /* Products */,
			);
			sourceTree = "<group>";
		};
		3EE054D629B1699A0090FE66 /* Products */ = {
			isa = PBXGroup;
			children = (
				3EE054D529B1699A0090FE66 /* borat.app */,
				3EE054E729B1699C0090FE66 /* boratTests.xctest */,
				3EE054F129B1699C0090FE66 /* boratUITests.xctest */,
			);
			name = Products;
			sourceTree = "<group>";
		};
		3EE054D729B1699A0090FE66 /* borat */ = {
			isa = PBXGroup;
			children = (
				3EE054D829B1699A0090FE66 /* AppDelegate.swift */,
				3EE054DA29B1699A0090FE66 /* ContentView.swift */,
				3EE054DC29B1699A0090FE66 /* Experience.rcproject */,
				3EE054DE29B1699C0090FE66 /* Assets.xcassets */,
				3EE054E029B1699C0090FE66 /* Preview Content */,
			);
			path = borat;
			sourceTree = "<group>";
		};
		3EE054E029B1699C0090FE66 /* Preview Content */ = {
			isa = PBXGroup;
			children = (
				3EE054E129B1699C0090FE66 /* Preview Assets.xcassets */,
			);
			path = "Preview Content";
			sourceTree = "<group>";
		};
		3EE054EA29B1699C0090FE66 /* boratTests */ = {
			isa = PBXGroup;
			children = (
				3EE054EB29B1699C0090FE66 /* boratTests.swift */,
			);
			path = boratTests;
			sourceTree = "<group>";
		};
		3EE054F429B1699C0090FE66 /* boratUITests */ = {
			isa = PBXGroup;
			children = (
				3EE054F529B1699C0090FE66 /* boratUITests.swift */,
				3EE054F729B1699C0090FE66 /* boratUITestsLaunchTests.swift */,
			);
			path = boratUITests;
			sourceTree = "<group>";
		};
/* End PBXGroup section */

/* Begin PBXNativeTarget section */
		3EE054D429B1699A0090FE66 /* borat */ = {
			isa = PBXNativeTarget;
			buildConfigurationList = 3EE054FB29B1699C0090FE66 /* Build configuration list for PBXNativeTarget "borat" */;
			buildPhases = (
				3EE054D129B1699A0090FE66 /* Sources */,
				3EE054D229B1699A0090FE66 /* Frameworks */,
				3EE054D329B1699A0090FE66 /* Resources */,
			);
			buildRules = (
			);
			dependencies = (
			);
			name = borat;
			productName = borat;
			productReference = 3EE054D529B1699A0090FE66 /* borat.app */;
			productType = "com.apple.product-type.application";
		};
		3EE054E629B1699C0090FE66 /* boratTests */ = {
			isa = PBXNativeTarget;
			buildConfigurationList = 3EE054FE29B1699C0090FE66 /* Build configuration list for PBXNativeTarget "boratTests" */;
			buildPhases = (
				3EE054E329B1699C0090FE66 /* Sources */,
				3EE054E429B1699C0090FE66 /* Frameworks */,
				3EE054E529B1699C0090FE66 /* Resources */,
			);
			buildRules = (
			);
			dependencies = (
				3EE054E929B1699C0090FE66 /* PBXTargetDependency */,
			);
			name = boratTests;
			productName = boratTests;
			productReference = 3EE054E729B1699C0090FE66 /* boratTests.xctest */;
			productType = "com.apple.product-type.bundle.unit-test";
		};
		3EE054F029B1699C0090FE66 /* boratUITests */ = {
			isa = PBXNativeTarget;
			buildConfigurationList = 3EE0550129B1699C0090FE66 /* Build configuration list for PBXNativeTarget "boratUITests" */;
			buildPhases = (
				3EE054ED29B1699C0090FE66 /* Sources */,
				3EE054EE29B1699C0090FE66 /* Frameworks */,
				3EE054EF29B1699C0090FE66 /* Resources */,
			);
			buildRules = (
			);
			dependencies = (
				3EE054F329B1699C0090FE66 /* PBXTargetDependency */,
			);
			name = boratUITests;
			productName = boratUITests;
			productReference = 3EE054F129B1699C0090FE66 /* boratUITests.xctest */;
			productType = "com.apple.product-type.bundle.ui-testing";
		};
/* End PBXNativeTarget section */

/* Begin PBXProject section */
		3EE054CD29B1699A0090FE66 /* Project object */ = {
			isa = PBXProject;
			attributes = {
				BuildIndependentTargetsInParallel = 1;
				LastSwiftUpdateCheck = 1420;
				LastUpgradeCheck = 1420;
				TargetAttributes = {
					3EE054D429B1699A0090FE66 = {
						CreatedOnToolsVersion = 14.2;
					};
					3EE054E629B1699C0090FE66 = {
						CreatedOnToolsVersion = 14.2;
						TestTargetID = 3EE054D429B1699A0090FE66;
					};
					3EE054F029B1699C0090FE66 = {
						CreatedOnToolsVersion = 14.2;
						TestTargetID = 3EE054D429B1699A0090FE66;
					};
				};
			};
			buildConfigurationList = 3EE054D029B1699A0090FE66 /* Build configuration list for PBXProject "borat" */;
			compatibilityVersion = "Xcode 14.0";
			developmentRegion = en;
			hasScannedForEncodings = 0;
			knownRegions = (
				en,
				Base,
			);
			mainGroup = 3EE054CC29B1699A0090FE66;
			productRefGroup = 3EE054D629B1699A0090FE66 /* Products */;
			projectDirPath = "";
			projectRoot = "";
			targets = (
				3EE054D429B1699A0090FE66 /* borat */,
				3EE054E629B1699C0090FE66 /* boratTests */,
				3EE054F029B1699C0090FE66 /* boratUITests */,
			);
		};
/* End PBXProject section */

/* Begin PBXResourcesBuildPhase section */
		3EE054D329B1699A0090FE66 /* Resources */ = {
			isa = PBXResourcesBuildPhase;
			buildActionMask = 2147483647;
			files = (
				3EE054E229B1699C0090FE66 /* Preview Assets.xcassets in Resources */,
				3EE054DF29B1699C0090FE66 /* Assets.xcassets in Resources */,
			);
			runOnlyForDeploymentPostprocessing = 0;
		};
		3EE054E529B1699C0090FE66 /* Resources */ = {
			isa = PBXResourcesBuildPhase;
			buildActionMask = 2147483647;
			files = (
			);
			runOnlyForDeploymentPostprocessing = 0;
		};
		3EE054EF29B1699C0090FE66 /* Resources */ = {
			isa = PBXResourcesBuildPhase;
			buildActionMask = 2147483647;
			files = (
			);
			runOnlyForDeploymentPostprocessing = 0;
		};
/* End PBXResourcesBuildPhase section */

/* Begin PBXSourcesBuildPhase section */
		3EE054D129B1699A0090FE66 /* Sources */ = {
			isa = PBXSourcesBuildPhase;
			buildActionMask = 2147483647;
			files = (
				3EE054DB29B1699A0090FE66 /* ContentView.swift in Sources */,
				3EE054D929B1699A0090FE66 /* AppDelegate.swift in Sources */,
				3EE054DD29B1699A0090FE66 /* Experience.rcproject in Sources */,
			);
			runOnlyForDeploymentPostprocessing = 0;
		};
		3EE054E329B1699C0090FE66 /* Sources */ = {
			isa = PBXSourcesBuildPhase;
			buildActionMask = 2147483647;
			files = (
				3EE054EC29B1699C0090FE66 /* boratTests.swift in Sources */,
			);
			runOnlyForDeploymentPostprocessing = 0;
		};
		3EE054ED29B1699C0090FE66 /* Sources */ = {
			isa = PBXSourcesBuildPhase;
			buildActionMask = 2147483647;
			files = (
				3EE054F629B1699C0090FE66 /* boratUITests.swift in Sources */,
				3EE054F829B1699C0090FE66 /* boratUITestsLaunchTests.swift in Sources */,
			);
			runOnlyForDeploymentPostprocessing = 0;
		};
/* End PBXSourcesBuildPhase section */

/* Begin PBXTargetDependency section */
		3EE054E929B1699C0090FE66 /* PBXTargetDependency */ = {
			isa = PBXTargetDependency;
			target = 3EE054D429B1699A0090FE66 /* borat */;
			targetProxy = 3EE054E829B1699C0090FE66 /* PBXContainerItemProxy */;
		};
		3EE054F329B1699C0090FE66 /* PBXTargetDependency */ = {
			isa = PBXTargetDependency;
			target = 3EE054D429B1699A0090FE66 /* borat */;
			targetProxy = 3EE054F229B1699C0090FE66 /* PBXContainerItemProxy */;
		};
/* End PBXTargetDependency section */

/* Begin XCBuildConfiguration section */
		3EE054F929B1699C0090FE66 /* Debug */ = {
			isa = XCBuildConfiguration;
			buildSettings = {
				ALWAYS_SEARCH_USER_PATHS = NO;
				CLANG_ANALYZER_NONNULL = YES;
				CLANG_ANALYZER_NUMBER_OBJECT_CONVERSION = YES_AGGRESSIVE;
				CLANG_CXX_LANGUAGE_STANDARD = "gnu++20";
				CLANG_ENABLE_MODULES = YES;
				CLANG_ENABLE_OBJC_ARC = YES;
				CLANG_ENABLE_OBJC_WEAK = YES;
				CLANG_WARN_BLOCK_CAPTURE_AUTORELEASING = YES;
				CLANG_WARN_BOOL_CONVERSION = YES;
				CLANG_WARN_COMMA = YES;
				CLANG_WARN_CONSTANT_CONVERSION = YES;
				CLANG_WARN_DEPRECATED_OBJC_IMPLEMENTATIONS = YES;
				CLANG_WARN_DIRECT_OBJC_ISA_USAGE = YES_ERROR;
				CLANG_WARN_DOCUMENTATION_COMMENTS = YES;
				CLANG_WARN_EMPTY_BODY = YES;
				CLANG_WARN_ENUM_CONVERSION = YES;
				CLANG_WARN_INFINITE_RECURSION = YES;
				CLANG_WARN_INT_CONVERSION = YES;
				CLANG_WARN_NON_LITERAL_NULL_CONVERSION = YES;
				CLANG_WARN_OBJC_IMPLICIT_RETAIN_SELF = YES;
				CLANG_WARN_OBJC_LITERAL_CONVERSION = YES;
				CLANG_WARN_OBJC_ROOT_CLASS = YES_ERROR;
				CLANG_WARN_QUOTED_INCLUDE_IN_FRAMEWORK_HEADER = YES;
				CLANG_WARN_RANGE_LOOP_ANALYSIS = YES;
				CLANG_WARN_STRICT_PROTOTYPES = YES;
				CLANG_WARN_SUSPICIOUS_MOVE = YES;
				CLANG_WARN_UNGUARDED_AVAILABILITY = YES_AGGRESSIVE;
				CLANG_WARN_UNREACHABLE_CODE = YES;
				CLANG_WARN__DUPLICATE_METHOD_MATCH = YES;
				COPY_PHASE_STRIP = NO;
				DEBUG_INFORMATION_FORMAT = dwarf;
				ENABLE_STRICT_OBJC_MSGSEND = YES;
				ENABLE_TESTABILITY = YES;
				GCC_C_LANGUAGE_STANDARD = gnu11;
				GCC_DYNAMIC_NO_PIC = NO;
				GCC_NO_COMMON_BLOCKS = YES;
				GCC_OPTIMIZATION_LEVEL = 0;
				GCC_PREPROCESSOR_DEFINITIONS = (
					"DEBUG=1",
					"$(inherited)",
				);
				GCC_WARN_64_TO_32_BIT_CONVERSION = YES;
				GCC_WARN_ABOUT_RETURN_TYPE = YES_ERROR;
				GCC_WARN_UNDECLARED_SELECTOR = YES;
				GCC_WARN_UNINITIALIZED_AUTOS = YES_AGGRESSIVE;
				GCC_WARN_UNUSED_FUNCTION = YES;
				GCC_WARN_UNUSED_VARIABLE = YES;
				IPHONEOS_DEPLOYMENT_TARGET = 16.2;
				MTL_ENABLE_DEBUG_INFO = INCLUDE_SOURCE;
				MTL_FAST_MATH = YES;
				ONLY_ACTIVE_ARCH = YES;
				SDKROOT = iphoneos;
				SWIFT_ACTIVE_COMPILATION_CONDITIONS = DEBUG;
				SWIFT_OPTIMIZATION_LEVEL = "-Onone";
			};
			name = Debug;
		};
		3EE054FA29B1699C0090FE66 /* Release */ = {
			isa = XCBuildConfiguration;
			buildSettings = {
				ALWAYS_SEARCH_USER_PATHS = NO;
				CLANG_ANALYZER_NONNULL = YES;
				CLANG_ANALYZER_NUMBER_OBJECT_CONVERSION = YES_AGGRESSIVE;
				CLANG_CXX_LANGUAGE_STANDARD = "gnu++20";
				CLANG_ENABLE_MODULES = YES;
				CLANG_ENABLE_OBJC_ARC = YES;
				CLANG_ENABLE_OBJC_WEAK = YES;
				CLANG_WARN_BLOCK_CAPTURE_AUTORELEASING = YES;
				CLANG_WARN_BOOL_CONVERSION = YES;
				CLANG_WARN_COMMA = YES;
				CLANG_WARN_CONSTANT_CONVERSION = YES;
				CLANG_WARN_DEPRECATED_OBJC_IMPLEMENTATIONS = YES;
				CLANG_WARN_DIRECT_OBJC_ISA_USAGE = YES_ERROR;
				CLANG_WARN_DOCUMENTATION_COMMENTS = YES;
				CLANG_WARN_EMPTY_BODY = YES;
				CLANG_WARN_ENUM_CONVERSION = YES;
				CLANG_WARN_INFINITE_RECURSION = YES;
				CLANG_WARN_INT_CONVERSION = YES;
				CLANG_WARN_NON_LITERAL_NULL_CONVERSION = YES;
				CLANG_WARN_OBJC_IMPLICIT_RETAIN_SELF = YES;
				CLANG_WARN_OBJC_LITERAL_CONVERSION = YES;
				CLANG_WARN_OBJC_ROOT_CLASS = YES_ERROR;
				CLANG_WARN_QUOTED_INCLUDE_IN_FRAMEWORK_HEADER = YES;
				CLANG_WARN_RANGE_LOOP_ANALYSIS = YES;
				CLANG_WARN_STRICT_PROTOTYPES = YES;
				CLANG_WARN_SUSPICIOUS_MOVE = YES;
				CLANG_WARN_UNGUARDED_AVAILABILITY = YES_AGGRESSIVE;
				CLANG_WARN_UNREACHABLE_CODE = YES;
				CLANG_WARN__DUPLICATE_METHOD_MATCH = YES;
				COPY_PHASE_STRIP = NO;
				DEBUG_INFORMATION_FORMAT = "dwarf-with-dsym";
				ENABLE_NS_ASSERTIONS = NO;
				ENABLE_STRICT_OBJC_MSGSEND = YES;
				GCC_C_LANGUAGE_STANDARD = gnu11;
				GCC_NO_COMMON_BLOCKS = YES;
				GCC_WARN_64_TO_32_BIT_CONVERSION = YES;
				GCC_WARN_ABOUT_RETURN_TYPE = YES_ERROR;
				GCC_WARN_UNDECLARED_SELECTOR = YES;
				GCC_WARN_UNINITIALIZED_AUTOS = YES_AGGRESSIVE;
				GCC_WARN_UNUSED_FUNCTION = YES;
				GCC_WARN_UNUSED_VARIABLE = YES;
				IPHONEOS_DEPLOYMENT_TARGET = 16.2;
				MTL_ENABLE_DEBUG_INFO = NO;
				MTL_FAST_MATH = YES;
				SDKROOT = iphoneos;
				SWIFT_COMPILATION_MODE = wholemodule;
				SWIFT_OPTIMIZATION_LEVEL = "-O";
				VALIDATE_PRODUCT = YES;
			};
			name = Release;
		};
		3EE054FC29B1699C0090FE66 /* Debug */ = {
			isa = XCBuildConfiguration;
			buildSettings = {
				ASSETCATALOG_COMPILER_APPICON_NAME = AppIcon;
				ASSETCATALOG_COMPILER_GLOBAL_ACCENT_COLOR_NAME = AccentColor;
				CODE_SIGN_STYLE = Automatic;
				CURRENT_PROJECT_VERSION = 1;
				DEVELOPMENT_ASSET_PATHS = "\"borat/Preview Content\"";
				DEVELOPMENT_TEAM = CSXF98Y74F;
				ENABLE_PREVIEWS = YES;
				GENERATE_INFOPLIST_FILE = YES;
				INFOPLIST_KEY_NSCameraUsageDescription = "";
				INFOPLIST_KEY_UIApplicationSupportsIndirectInputEvents = YES;
				INFOPLIST_KEY_UILaunchScreen_Generation = YES;
				INFOPLIST_KEY_UIRequiredDeviceCapabilities = arkit;
				INFOPLIST_KEY_UIStatusBarHidden = YES;
				INFOPLIST_KEY_UISupportedInterfaceOrientations_iPad = "UIInterfaceOrientationPortrait UIInterfaceOrientationPortraitUpsideDown UIInterfaceOrientationLandscapeLeft UIInterfaceOrientationLandscapeRight";
				INFOPLIST_KEY_UISupportedInterfaceOrientations_iPhone = "UIInterfaceOrientationPortrait UIInterfaceOrientationLandscapeLeft UIInterfaceOrientationLandscapeRight";
				LD_RUNPATH_SEARCH_PATHS = (
					"$(inherited)",
					"@executable_path/Frameworks",
				);
				MARKETING_VERSION = 1.0;
				PRODUCT_BUNDLE_IDENTIFIER = bing.borat;
				PRODUCT_NAME = "$(TARGET_NAME)";
				SWIFT_EMIT_LOC_STRINGS = YES;
				SWIFT_VERSION = 5.0;
				TARGETED_DEVICE_FAMILY = "1,2";
			};
			name = Debug;
		};
		3EE054FD29B1699C0090FE66 /* Release */ = {
			isa = XCBuildConfiguration;
			buildSettings = {
				ASSETCATALOG_COMPILER_APPICON_NAME = AppIcon;
				ASSETCATALOG_COMPILER_GLOBAL_ACCENT_COLOR_NAME = AccentColor;
				CODE_SIGN_STYLE = Automatic;
				CURRENT_PROJECT_VERSION = 1;
				DEVELOPMENT_ASSET_PATHS = "\"borat/Preview Content\"";
				DEVELOPMENT_TEAM = CSXF98Y74F;
				ENABLE_PREVIEWS = YES;
				GENERATE_INFOPLIST_FILE = YES;
				INFOPLIST_KEY_NSCameraUsageDescription = "";
				INFOPLIST_KEY_UIApplicationSupportsIndirectInputEvents = YES;
				INFOPLIST_KEY_UILaunchScreen_Generation = YES;
				INFOPLIST_KEY_UIRequiredDeviceCapabilities = arkit;
				INFOPLIST_KEY_UIStatusBarHidden = YES;
				INFOPLIST_KEY_UISupportedInterfaceOrientations_iPad = "UIInterfaceOrientationPortrait UIInterfaceOrientationPortraitUpsideDown UIInterfaceOrientationLandscapeLeft UIInterfaceOrientationLandscapeRight";
				INFOPLIST_KEY_UISupportedInterfaceOrientations_iPhone = "UIInterfaceOrientationPortrait UIInterfaceOrientationLandscapeLeft UIInterfaceOrientationLandscapeRight";
				LD_RUNPATH_SEARCH_PATHS = (
					"$(inherited)",
					"@executable_path/Frameworks",
				);
				MARKETING_VERSION = 1.0;
				PRODUCT_BUNDLE_IDENTIFIER = bing.borat;
				PRODUCT_NAME = "$(TARGET_NAME)";
				SWIFT_EMIT_LOC_STRINGS = YES;
				SWIFT_VERSION = 5.0;
				TARGETED_DEVICE_FAMILY = "1,2";
			};
			name = Release;
		};
		3EE054FF29B1699C0090FE66 /* Debug */ = {
			isa = XCBuildConfiguration;
			buildSettings = {
				ALWAYS_EMBED_SWIFT_STANDARD_LIBRARIES = YES;
				BUNDLE_LOADER = "$(TEST_HOST)";
				CODE_SIGN_STYLE = Automatic;
				CURRENT_PROJECT_VERSION = 1;
				DEVELOPMENT_TEAM = CSXF98Y74F;
				GENERATE_INFOPLIST_FILE = YES;
				IPHONEOS_DEPLOYMENT_TARGET = 16.2;
				MARKETING_VERSION = 1.0;
				PRODUCT_BUNDLE_IDENTIFIER = bing.boratTests;
				PRODUCT_NAME = "$(TARGET_NAME)";
				SWIFT_EMIT_LOC_STRINGS = NO;
				SWIFT_VERSION = 5.0;
				TARGETED_DEVICE_FAMILY = "1,2";
				TEST_HOST = "$(BUILT_PRODUCTS_DIR)/borat.app/$(BUNDLE_EXECUTABLE_FOLDER_PATH)/borat";
			};
			name = Debug;
		};
		3EE0550029B1699C0090FE66 /* Release */ = {
			isa = XCBuildConfiguration;
			buildSettings = {
				ALWAYS_EMBED_SWIFT_STANDARD_LIBRARIES = YES;
				BUNDLE_LOADER = "$(TEST_HOST)";
				CODE_SIGN_STYLE = Automatic;
				CURRENT_PROJECT_VERSION = 1;
				DEVELOPMENT_TEAM = CSXF98Y74F;
				GENERATE_INFOPLIST_FILE = YES;
				IPHONEOS_DEPLOYMENT_TARGET = 16.2;
				MARKETING_VERSION = 1.0;
				PRODUCT_BUNDLE_IDENTIFIER = bing.boratTests;
				PRODUCT_NAME = "$(TARGET_NAME)";
				SWIFT_EMIT_LOC_STRINGS = NO;
				SWIFT_VERSION = 5.0;
				TARGETED_DEVICE_FAMILY = "1,2";
				TEST_HOST = "$(BUILT_PRODUCTS_DIR)/borat.app/$(BUNDLE_EXECUTABLE_FOLDER_PATH)/borat";
			};
			name = Release;
		};
		3EE0550229B1699C0090FE66 /* Debug */ = {
			isa = XCBuildConfiguration;
			buildSettings = {
				ALWAYS_EMBED_SWIFT_STANDARD_LIBRARIES = YES;
				CODE_SIGN_STYLE = Automatic;
				CURRENT_PROJECT_VERSION = 1;
				DEVELOPMENT_TEAM = CSXF98Y74F;
				GENERATE_INFOPLIST_FILE = YES;
				MARKETING_VERSION = 1.0;
				PRODUCT_BUNDLE_IDENTIFIER = bing.boratUITests;
				PRODUCT_NAME = "$(TARGET_NAME)";
				SWIFT_EMIT_LOC_STRINGS = NO;
				SWIFT_VERSION = 5.0;
				TARGETED_DEVICE_FAMILY = "1,2";
				TEST_TARGET_NAME = borat;
			};
			name = Debug;
		};
		3EE0550329B1699C0090FE66 /* Release */ = {
			isa = XCBuildConfiguration;
			buildSettings = {
				ALWAYS_EMBED_SWIFT_STANDARD_LIBRARIES = YES;
				CODE_SIGN_STYLE = Automatic;
				CURRENT_PROJECT_VERSION = 1;
				DEVELOPMENT_TEAM = CSXF98Y74F;
				GENERATE_INFOPLIST_FILE = YES;
				MARKETING_VERSION = 1.0;
				PRODUCT_BUNDLE_IDENTIFIER = bing.boratUITests;
				PRODUCT_NAME = "$(TARGET_NAME)";
				SWIFT_EMIT_LOC_STRINGS = NO;
				SWIFT_VERSION = 5.0;
				TARGETED_DEVICE_FAMILY = "1,2";
				TEST_TARGET_NAME = borat;
			};
			name = Release;
		};
/* End XCBuildConfiguration section */

/* Begin XCConfigurationList section */
		3EE054D029B1699A0090FE66 /* Build configuration list for PBXProject "borat" */ = {
			isa = XCConfigurationList;
			buildConfigurations = (
				3EE054F929B1699C0090FE66 /* Debug */,
				3EE054FA29B1699C0090FE66 /* Release */,
			);
			defaultConfigurationIsVisible = 0;
			defaultConfigurationName = Release;
		};
		3EE054FB29B1699C0090FE66 /* Build configuration list for PBXNativeTarget "borat" */ = {
			isa = XCConfigurationList;
			buildConfigurations = (
				3EE054FC29B1699C0090FE66 /* Debug */,
				3EE054FD29B1699C0090FE66 /* Release */,
			);
			defaultConfigurationIsVisible = 0;
			defaultConfigurationName = Release;
		};
		3EE054FE29B1699C0090FE66 /* Build configuration list for PBXNativeTarget "boratTests" */ = {
			isa = XCConfigurationList;
			buildConfigurations = (
				3EE054FF29B1699C0090FE66 /* Debug */,
				3EE0550029B1699C0090FE66 /* Release */,
			);
			defaultConfigurationIsVisible = 0;
			defaultConfigurationName = Release;
		};
		3EE0550129B1699C0090FE66 /* Build configuration list for PBXNativeTarget "boratUITests" */ = {
			isa = XCConfigurationList;
			buildConfigurations = (
				3EE0550229B1699C0090FE66 /* Debug */,
				3EE0550329B1699C0090FE66 /* Release */,
			);
			defaultConfigurationIsVisible = 0;
			defaultConfigurationName = Release;
		};
/* End XCConfigurationList section */
	};
	rootObject = 3EE054CD29B1699A0090FE66 /* Project object */;
}
