// !$*UTF8*$!
{
	archiveVersion = 1;
	classes = {
	};
	objectVersion = 56;
	objects = {

/* Begin PBXBuildFile section */
		3EBDF69B29BA9B4D00B26961 /* AppDelegate.swift in Sources */ = {isa = PBXBuildFile; fileRef = 3EBDF69A29BA9B4D00B26961 /* AppDelegate.swift */; };
		3EBDF69D29BA9B4D00B26961 /* ContentView.swift in Sources */ = {isa = PBXBuildFile; fileRef = 3EBDF69C29BA9B4D00B26961 /* ContentView.swift */; };
		3EBDF69F29BA9B4D00B26961 /* Experience.rcproject in Sources */ = {isa = PBXBuildFile; fileRef = 3EBDF69E29BA9B4D00B26961 /* Experience.rcproject */; };
		3EBDF6A129BA9B4F00B26961 /* Assets.xcassets in Resources */ = {isa = PBXBuildFile; fileRef = 3EBDF6A029BA9B4F00B26961 /* Assets.xcassets */; };
		3EBDF6A429BA9B4F00B26961 /* Preview Assets.xcassets in Resources */ = {isa = PBXBuildFile; fileRef = 3EBDF6A329BA9B4F00B26961 /* Preview Assets.xcassets */; };
		3EBDF6AE29BA9B4F00B26961 /* basicfacearTests.swift in Sources */ = {isa = PBXBuildFile; fileRef = 3EBDF6AD29BA9B4F00B26961 /* basicfacearTests.swift */; };
		3EBDF6B829BA9B4F00B26961 /* basicfacearUITests.swift in Sources */ = {isa = PBXBuildFile; fileRef = 3EBDF6B729BA9B4F00B26961 /* basicfacearUITests.swift */; };
		3EBDF6BA29BA9B4F00B26961 /* basicfacearUITestsLaunchTests.swift in Sources */ = {isa = PBXBuildFile; fileRef = 3EBDF6B929BA9B4F00B26961 /* basicfacearUITestsLaunchTests.swift */; };
		3EBDF6C729BA9D2300B26961 /* nexttry.rcproject in Sources */ = {isa = PBXBuildFile; fileRef = 3EBDF6C629BA9D2200B26961 /* nexttry.rcproject */; };
/* End PBXBuildFile section */

/* Begin PBXContainerItemProxy section */
		3EBDF6AA29BA9B4F00B26961 /* PBXContainerItemProxy */ = {
			isa = PBXContainerItemProxy;
			containerPortal = 3EBDF68F29BA9B4D00B26961 /* Project object */;
			proxyType = 1;
			remoteGlobalIDString = 3EBDF69629BA9B4D00B26961;
			remoteInfo = basicfacear;
		};
		3EBDF6B429BA9B4F00B26961 /* PBXContainerItemProxy */ = {
			isa = PBXContainerItemProxy;
			containerPortal = 3EBDF68F29BA9B4D00B26961 /* Project object */;
			proxyType = 1;
			remoteGlobalIDString = 3EBDF69629BA9B4D00B26961;
			remoteInfo = basicfacear;
		};
/* End PBXContainerItemProxy section */

/* Begin PBXFileReference section */
		3EBDF69729BA9B4D00B26961 /* basicfacear.app */ = {isa = PBXFileReference; explicitFileType = wrapper.application; includeInIndex = 0; path = basicfacear.app; sourceTree = BUILT_PRODUCTS_DIR; };
		3EBDF69A29BA9B4D00B26961 /* AppDelegate.swift */ = {isa = PBXFileReference; lastKnownFileType = sourcecode.swift; path = AppDelegate.swift; sourceTree = "<group>"; };
		3EBDF69C29BA9B4D00B26961 /* ContentView.swift */ = {isa = PBXFileReference; lastKnownFileType = sourcecode.swift; path = ContentView.swift; sourceTree = "<group>"; };
		3EBDF69E29BA9B4D00B26961 /* Experience.rcproject */ = {isa = PBXFileReference; lastKnownFileType = file.rcproject; path = Experience.rcproject; sourceTree = "<group>"; };
		3EBDF6A029BA9B4F00B26961 /* Assets.xcassets */ = {isa = PBXFileReference; lastKnownFileType = folder.assetcatalog; path = Assets.xcassets; sourceTree = "<group>"; };
		3EBDF6A329BA9B4F00B26961 /* Preview Assets.xcassets */ = {isa = PBXFileReference; lastKnownFileType = folder.assetcatalog; path = "Preview Assets.xcassets"; sourceTree = "<group>"; };
		3EBDF6A929BA9B4F00B26961 /* basicfacearTests.xctest */ = {isa = PBXFileReference; explicitFileType = wrapper.cfbundle; includeInIndex = 0; path = basicfacearTests.xctest; sourceTree = BUILT_PRODUCTS_DIR; };
		3EBDF6AD29BA9B4F00B26961 /* basicfacearTests.swift */ = {isa = PBXFileReference; lastKnownFileType = sourcecode.swift; path = basicfacearTests.swift; sourceTree = "<group>"; };
		3EBDF6B329BA9B4F00B26961 /* basicfacearUITests.xctest */ = {isa = PBXFileReference; explicitFileType = wrapper.cfbundle; includeInIndex = 0; path = basicfacearUITests.xctest; sourceTree = BUILT_PRODUCTS_DIR; };
		3EBDF6B729BA9B4F00B26961 /* basicfacearUITests.swift */ = {isa = PBXFileReference; lastKnownFileType = sourcecode.swift; path = basicfacearUITests.swift; sourceTree = "<group>"; };
		3EBDF6B929BA9B4F00B26961 /* basicfacearUITestsLaunchTests.swift */ = {isa = PBXFileReference; lastKnownFileType = sourcecode.swift; path = basicfacearUITestsLaunchTests.swift; sourceTree = "<group>"; };
		3EBDF6C629BA9D2200B26961 /* nexttry.rcproject */ = {isa = PBXFileReference; lastKnownFileType = file.rcproject; name = nexttry.rcproject; path = ../../../../../Desktop/nexttry.rcproject; sourceTree = "<group>"; };
/* End PBXFileReference section */

/* Begin PBXFrameworksBuildPhase section */
		3EBDF69429BA9B4D00B26961 /* Frameworks */ = {
			isa = PBXFrameworksBuildPhase;
			buildActionMask = 2147483647;
			files = (
			);
			runOnlyForDeploymentPostprocessing = 0;
		};
		3EBDF6A629BA9B4F00B26961 /* Frameworks */ = {
			isa = PBXFrameworksBuildPhase;
			buildActionMask = 2147483647;
			files = (
			);
			runOnlyForDeploymentPostprocessing = 0;
		};
		3EBDF6B029BA9B4F00B26961 /* Frameworks */ = {
			isa = PBXFrameworksBuildPhase;
			buildActionMask = 2147483647;
			files = (
			);
			runOnlyForDeploymentPostprocessing = 0;
		};
/* End PBXFrameworksBuildPhase section */

/* Begin PBXGroup section */
		3EBDF68E29BA9B4D00B26961 = {
			isa = PBXGroup;
			children = (
				3EBDF69929BA9B4D00B26961 /* basicfacear */,
				3EBDF6AC29BA9B4F00B26961 /* basicfacearTests */,
				3EBDF6B629BA9B4F00B26961 /* basicfacearUITests */,
				3EBDF69829BA9B4D00B26961 /* Products */,
			);
			sourceTree = "<group>";
		};
		3EBDF69829BA9B4D00B26961 /* Products */ = {
			isa = PBXGroup;
			children = (
				3EBDF69729BA9B4D00B26961 /* basicfacear.app */,
				3EBDF6A929BA9B4F00B26961 /* basicfacearTests.xctest */,
				3EBDF6B329BA9B4F00B26961 /* basicfacearUITests.xctest */,
			);
			name = Products;
			sourceTree = "<group>";
		};
		3EBDF69929BA9B4D00B26961 /* basicfacear */ = {
			isa = PBXGroup;
			children = (
				3EBDF69A29BA9B4D00B26961 /* AppDelegate.swift */,
				3EBDF69C29BA9B4D00B26961 /* ContentView.swift */,
				3EBDF69E29BA9B4D00B26961 /* Experience.rcproject */,
				3EBDF6C629BA9D2200B26961 /* nexttry.rcproject */,
				3EBDF6A029BA9B4F00B26961 /* Assets.xcassets */,
				3EBDF6A229BA9B4F00B26961 /* Preview Content */,
			);
			path = basicfacear;
			sourceTree = "<group>";
		};
		3EBDF6A229BA9B4F00B26961 /* Preview Content */ = {
			isa = PBXGroup;
			children = (
				3EBDF6A329BA9B4F00B26961 /* Preview Assets.xcassets */,
			);
			path = "Preview Content";
			sourceTree = "<group>";
		};
		3EBDF6AC29BA9B4F00B26961 /* basicfacearTests */ = {
			isa = PBXGroup;
			children = (
				3EBDF6AD29BA9B4F00B26961 /* basicfacearTests.swift */,
			);
			path = basicfacearTests;
			sourceTree = "<group>";
		};
		3EBDF6B629BA9B4F00B26961 /* basicfacearUITests */ = {
			isa = PBXGroup;
			children = (
				3EBDF6B729BA9B4F00B26961 /* basicfacearUITests.swift */,
				3EBDF6B929BA9B4F00B26961 /* basicfacearUITestsLaunchTests.swift */,
			);
			path = basicfacearUITests;
			sourceTree = "<group>";
		};
/* End PBXGroup section */

/* Begin PBXNativeTarget section */
		3EBDF69629BA9B4D00B26961 /* basicfacear */ = {
			isa = PBXNativeTarget;
			buildConfigurationList = 3EBDF6BD29BA9B4F00B26961 /* Build configuration list for PBXNativeTarget "basicfacear" */;
			buildPhases = (
				3EBDF69329BA9B4D00B26961 /* Sources */,
				3EBDF69429BA9B4D00B26961 /* Frameworks */,
				3EBDF69529BA9B4D00B26961 /* Resources */,
			);
			buildRules = (
			);
			dependencies = (
			);
			name = basicfacear;
			productName = basicfacear;
			productReference = 3EBDF69729BA9B4D00B26961 /* basicfacear.app */;
			productType = "com.apple.product-type.application";
		};
		3EBDF6A829BA9B4F00B26961 /* basicfacearTests */ = {
			isa = PBXNativeTarget;
			buildConfigurationList = 3EBDF6C029BA9B4F00B26961 /* Build configuration list for PBXNativeTarget "basicfacearTests" */;
			buildPhases = (
				3EBDF6A529BA9B4F00B26961 /* Sources */,
				3EBDF6A629BA9B4F00B26961 /* Frameworks */,
				3EBDF6A729BA9B4F00B26961 /* Resources */,
			);
			buildRules = (
			);
			dependencies = (
				3EBDF6AB29BA9B4F00B26961 /* PBXTargetDependency */,
			);
			name = basicfacearTests;
			productName = basicfacearTests;
			productReference = 3EBDF6A929BA9B4F00B26961 /* basicfacearTests.xctest */;
			productType = "com.apple.product-type.bundle.unit-test";
		};
		3EBDF6B229BA9B4F00B26961 /* basicfacearUITests */ = {
			isa = PBXNativeTarget;
			buildConfigurationList = 3EBDF6C329BA9B4F00B26961 /* Build configuration list for PBXNativeTarget "basicfacearUITests" */;
			buildPhases = (
				3EBDF6AF29BA9B4F00B26961 /* Sources */,
				3EBDF6B029BA9B4F00B26961 /* Frameworks */,
				3EBDF6B129BA9B4F00B26961 /* Resources */,
			);
			buildRules = (
			);
			dependencies = (
				3EBDF6B529BA9B4F00B26961 /* PBXTargetDependency */,
			);
			name = basicfacearUITests;
			productName = basicfacearUITests;
			productReference = 3EBDF6B329BA9B4F00B26961 /* basicfacearUITests.xctest */;
			productType = "com.apple.product-type.bundle.ui-testing";
		};
/* End PBXNativeTarget section */

/* Begin PBXProject section */
		3EBDF68F29BA9B4D00B26961 /* Project object */ = {
			isa = PBXProject;
			attributes = {
				BuildIndependentTargetsInParallel = 1;
				LastSwiftUpdateCheck = 1420;
				LastUpgradeCheck = 1420;
				TargetAttributes = {
					3EBDF69629BA9B4D00B26961 = {
						CreatedOnToolsVersion = 14.2;
					};
					3EBDF6A829BA9B4F00B26961 = {
						CreatedOnToolsVersion = 14.2;
						TestTargetID = 3EBDF69629BA9B4D00B26961;
					};
					3EBDF6B229BA9B4F00B26961 = {
						CreatedOnToolsVersion = 14.2;
						TestTargetID = 3EBDF69629BA9B4D00B26961;
					};
				};
			};
			buildConfigurationList = 3EBDF69229BA9B4D00B26961 /* Build configuration list for PBXProject "basicfacear" */;
			compatibilityVersion = "Xcode 14.0";
			developmentRegion = en;
			hasScannedForEncodings = 0;
			knownRegions = (
				en,
				Base,
			);
			mainGroup = 3EBDF68E29BA9B4D00B26961;
			productRefGroup = 3EBDF69829BA9B4D00B26961 /* Products */;
			projectDirPath = "";
			projectRoot = "";
			targets = (
				3EBDF69629BA9B4D00B26961 /* basicfacear */,
				3EBDF6A829BA9B4F00B26961 /* basicfacearTests */,
				3EBDF6B229BA9B4F00B26961 /* basicfacearUITests */,
			);
		};
/* End PBXProject section */

/* Begin PBXResourcesBuildPhase section */
		3EBDF69529BA9B4D00B26961 /* Resources */ = {
			isa = PBXResourcesBuildPhase;
			buildActionMask = 2147483647;
			files = (
				3EBDF6A429BA9B4F00B26961 /* Preview Assets.xcassets in Resources */,
				3EBDF6A129BA9B4F00B26961 /* Assets.xcassets in Resources */,
			);
			runOnlyForDeploymentPostprocessing = 0;
		};
		3EBDF6A729BA9B4F00B26961 /* Resources */ = {
			isa = PBXResourcesBuildPhase;
			buildActionMask = 2147483647;
			files = (
			);
			runOnlyForDeploymentPostprocessing = 0;
		};
		3EBDF6B129BA9B4F00B26961 /* Resources */ = {
			isa = PBXResourcesBuildPhase;
			buildActionMask = 2147483647;
			files = (
			);
			runOnlyForDeploymentPostprocessing = 0;
		};
/* End PBXResourcesBuildPhase section */

/* Begin PBXSourcesBuildPhase section */
		3EBDF69329BA9B4D00B26961 /* Sources */ = {
			isa = PBXSourcesBuildPhase;
			buildActionMask = 2147483647;
			files = (
				3EBDF69D29BA9B4D00B26961 /* ContentView.swift in Sources */,
				3EBDF6C729BA9D2300B26961 /* nexttry.rcproject in Sources */,
				3EBDF69B29BA9B4D00B26961 /* AppDelegate.swift in Sources */,
				3EBDF69F29BA9B4D00B26961 /* Experience.rcproject in Sources */,
			);
			runOnlyForDeploymentPostprocessing = 0;
		};
		3EBDF6A529BA9B4F00B26961 /* Sources */ = {
			isa = PBXSourcesBuildPhase;
			buildActionMask = 2147483647;
			files = (
				3EBDF6AE29BA9B4F00B26961 /* basicfacearTests.swift in Sources */,
			);
			runOnlyForDeploymentPostprocessing = 0;
		};
		3EBDF6AF29BA9B4F00B26961 /* Sources */ = {
			isa = PBXSourcesBuildPhase;
			buildActionMask = 2147483647;
			files = (
				3EBDF6B829BA9B4F00B26961 /* basicfacearUITests.swift in Sources */,
				3EBDF6BA29BA9B4F00B26961 /* basicfacearUITestsLaunchTests.swift in Sources */,
			);
			runOnlyForDeploymentPostprocessing = 0;
		};
/* End PBXSourcesBuildPhase section */

/* Begin PBXTargetDependency section */
		3EBDF6AB29BA9B4F00B26961 /* PBXTargetDependency */ = {
			isa = PBXTargetDependency;
			target = 3EBDF69629BA9B4D00B26961 /* basicfacear */;
			targetProxy = 3EBDF6AA29BA9B4F00B26961 /* PBXContainerItemProxy */;
		};
		3EBDF6B529BA9B4F00B26961 /* PBXTargetDependency */ = {
			isa = PBXTargetDependency;
			target = 3EBDF69629BA9B4D00B26961 /* basicfacear */;
			targetProxy = 3EBDF6B429BA9B4F00B26961 /* PBXContainerItemProxy */;
		};
/* End PBXTargetDependency section */

/* Begin XCBuildConfiguration section */
		3EBDF6BB29BA9B4F00B26961 /* Debug */ = {
			isa = XCBuildConfiguration;
			buildSettings = {
				ALWAYS_SEARCH_USER_PATHS = NO;
				CLANG_ANALYZER_NONNULL = YES;
				CLANG_ANALYZER_NUMBER_OBJECT_CONVERSION = YES_AGGRESSIVE;
				CLANG_CXX_LANGUAGE_STANDARD = "gnu++20";
				CLANG_ENABLE_MODULES = YES;
				CLANG_ENABLE_OBJC_ARC = YES;
				CLANG_ENABLE_OBJC_WEAK = YES;
				CLANG_WARN_BLOCK_CAPTURE_AUTORELEASING = YES;
				CLANG_WARN_BOOL_CONVERSION = YES;
				CLANG_WARN_COMMA = YES;
				CLANG_WARN_CONSTANT_CONVERSION = YES;
				CLANG_WARN_DEPRECATED_OBJC_IMPLEMENTATIONS = YES;
				CLANG_WARN_DIRECT_OBJC_ISA_USAGE = YES_ERROR;
				CLANG_WARN_DOCUMENTATION_COMMENTS = YES;
				CLANG_WARN_EMPTY_BODY = YES;
				CLANG_WARN_ENUM_CONVERSION = YES;
				CLANG_WARN_INFINITE_RECURSION = YES;
				CLANG_WARN_INT_CONVERSION = YES;
				CLANG_WARN_NON_LITERAL_NULL_CONVERSION = YES;
				CLANG_WARN_OBJC_IMPLICIT_RETAIN_SELF = YES;
				CLANG_WARN_OBJC_LITERAL_CONVERSION = YES;
				CLANG_WARN_OBJC_ROOT_CLASS = YES_ERROR;
				CLANG_WARN_QUOTED_INCLUDE_IN_FRAMEWORK_HEADER = YES;
				CLANG_WARN_RANGE_LOOP_ANALYSIS = YES;
				CLANG_WARN_STRICT_PROTOTYPES = YES;
				CLANG_WARN_SUSPICIOUS_MOVE = YES;
				CLANG_WARN_UNGUARDED_AVAILABILITY = YES_AGGRESSIVE;
				CLANG_WARN_UNREACHABLE_CODE = YES;
				CLANG_WARN__DUPLICATE_METHOD_MATCH = YES;
				COPY_PHASE_STRIP = NO;
				DEBUG_INFORMATION_FORMAT = dwarf;
				ENABLE_STRICT_OBJC_MSGSEND = YES;
				ENABLE_TESTABILITY = YES;
				GCC_C_LANGUAGE_STANDARD = gnu11;
				GCC_DYNAMIC_NO_PIC = NO;
				GCC_NO_COMMON_BLOCKS = YES;
				GCC_OPTIMIZATION_LEVEL = 0;
				GCC_PREPROCESSOR_DEFINITIONS = (
					"DEBUG=1",
					"$(inherited)",
				);
				GCC_WARN_64_TO_32_BIT_CONVERSION = YES;
				GCC_WARN_ABOUT_RETURN_TYPE = YES_ERROR;
				GCC_WARN_UNDECLARED_SELECTOR = YES;
				GCC_WARN_UNINITIALIZED_AUTOS = YES_AGGRESSIVE;
				GCC_WARN_UNUSED_FUNCTION = YES;
				GCC_WARN_UNUSED_VARIABLE = YES;
				IPHONEOS_DEPLOYMENT_TARGET = 16.2;
				MTL_ENABLE_DEBUG_INFO = INCLUDE_SOURCE;
				MTL_FAST_MATH = YES;
				ONLY_ACTIVE_ARCH = YES;
				SDKROOT = iphoneos;
				SWIFT_ACTIVE_COMPILATION_CONDITIONS = DEBUG;
				SWIFT_OPTIMIZATION_LEVEL = "-Onone";
			};
			name = Debug;
		};
		3EBDF6BC29BA9B4F00B26961 /* Release */ = {
			isa = XCBuildConfiguration;
			buildSettings = {
				ALWAYS_SEARCH_USER_PATHS = NO;
				CLANG_ANALYZER_NONNULL = YES;
				CLANG_ANALYZER_NUMBER_OBJECT_CONVERSION = YES_AGGRESSIVE;
				CLANG_CXX_LANGUAGE_STANDARD = "gnu++20";
				CLANG_ENABLE_MODULES = YES;
				CLANG_ENABLE_OBJC_ARC = YES;
				CLANG_ENABLE_OBJC_WEAK = YES;
				CLANG_WARN_BLOCK_CAPTURE_AUTORELEASING = YES;
				CLANG_WARN_BOOL_CONVERSION = YES;
				CLANG_WARN_COMMA = YES;
				CLANG_WARN_CONSTANT_CONVERSION = YES;
				CLANG_WARN_DEPRECATED_OBJC_IMPLEMENTATIONS = YES;
				CLANG_WARN_DIRECT_OBJC_ISA_USAGE = YES_ERROR;
				CLANG_WARN_DOCUMENTATION_COMMENTS = YES;
				CLANG_WARN_EMPTY_BODY = YES;
				CLANG_WARN_ENUM_CONVERSION = YES;
				CLANG_WARN_INFINITE_RECURSION = YES;
				CLANG_WARN_INT_CONVERSION = YES;
				CLANG_WARN_NON_LITERAL_NULL_CONVERSION = YES;
				CLANG_WARN_OBJC_IMPLICIT_RETAIN_SELF = YES;
				CLANG_WARN_OBJC_LITERAL_CONVERSION = YES;
				CLANG_WARN_OBJC_ROOT_CLASS = YES_ERROR;
				CLANG_WARN_QUOTED_INCLUDE_IN_FRAMEWORK_HEADER = YES;
				CLANG_WARN_RANGE_LOOP_ANALYSIS = YES;
				CLANG_WARN_STRICT_PROTOTYPES = YES;
				CLANG_WARN_SUSPICIOUS_MOVE = YES;
				CLANG_WARN_UNGUARDED_AVAILABILITY = YES_AGGRESSIVE;
				CLANG_WARN_UNREACHABLE_CODE = YES;
				CLANG_WARN__DUPLICATE_METHOD_MATCH = YES;
				COPY_PHASE_STRIP = NO;
				DEBUG_INFORMATION_FORMAT = "dwarf-with-dsym";
				ENABLE_NS_ASSERTIONS = NO;
				ENABLE_STRICT_OBJC_MSGSEND = YES;
				GCC_C_LANGUAGE_STANDARD = gnu11;
				GCC_NO_COMMON_BLOCKS = YES;
				GCC_WARN_64_TO_32_BIT_CONVERSION = YES;
				GCC_WARN_ABOUT_RETURN_TYPE = YES_ERROR;
				GCC_WARN_UNDECLARED_SELECTOR = YES;
				GCC_WARN_UNINITIALIZED_AUTOS = YES_AGGRESSIVE;
				GCC_WARN_UNUSED_FUNCTION = YES;
				GCC_WARN_UNUSED_VARIABLE = YES;
				IPHONEOS_DEPLOYMENT_TARGET = 16.2;
				MTL_ENABLE_DEBUG_INFO = NO;
				MTL_FAST_MATH = YES;
				SDKROOT = iphoneos;
				SWIFT_COMPILATION_MODE = wholemodule;
				SWIFT_OPTIMIZATION_LEVEL = "-O";
				VALIDATE_PRODUCT = YES;
			};
			name = Release;
		};
		3EBDF6BE29BA9B4F00B26961 /* Debug */ = {
			isa = XCBuildConfiguration;
			buildSettings = {
				ASSETCATALOG_COMPILER_APPICON_NAME = AppIcon;
				ASSETCATALOG_COMPILER_GLOBAL_ACCENT_COLOR_NAME = AccentColor;
				CODE_SIGN_STYLE = Automatic;
				CURRENT_PROJECT_VERSION = 1;
				DEVELOPMENT_ASSET_PATHS = "\"basicfacear/Preview Content\"";
				DEVELOPMENT_TEAM = CSXF98Y74F;
				ENABLE_PREVIEWS = YES;
				GENERATE_INFOPLIST_FILE = YES;
				INFOPLIST_KEY_NSCameraUsageDescription = "";
				INFOPLIST_KEY_UIApplicationSupportsIndirectInputEvents = YES;
				INFOPLIST_KEY_UILaunchScreen_Generation = YES;
				INFOPLIST_KEY_UIRequiredDeviceCapabilities = arkit;
				INFOPLIST_KEY_UIStatusBarHidden = YES;
				INFOPLIST_KEY_UISupportedInterfaceOrientations_iPad = "UIInterfaceOrientationPortrait UIInterfaceOrientationPortraitUpsideDown UIInterfaceOrientationLandscapeLeft UIInterfaceOrientationLandscapeRight";
				INFOPLIST_KEY_UISupportedInterfaceOrientations_iPhone = "UIInterfaceOrientationPortrait UIInterfaceOrientationLandscapeLeft UIInterfaceOrientationLandscapeRight";
				LD_RUNPATH_SEARCH_PATHS = (
					"$(inherited)",
					"@executable_path/Frameworks",
				);
				MARKETING_VERSION = 1.0;
				PRODUCT_BUNDLE_IDENTIFIER = bing.basicfacear;
				PRODUCT_NAME = "$(TARGET_NAME)";
				SWIFT_EMIT_LOC_STRINGS = YES;
				SWIFT_VERSION = 5.0;
				TARGETED_DEVICE_FAMILY = "1,2";
			};
			name = Debug;
		};
		3EBDF6BF29BA9B4F00B26961 /* Release */ = {
			isa = XCBuildConfiguration;
			buildSettings = {
				ASSETCATALOG_COMPILER_APPICON_NAME = AppIcon;
				ASSETCATALOG_COMPILER_GLOBAL_ACCENT_COLOR_NAME = AccentColor;
				CODE_SIGN_STYLE = Automatic;
				CURRENT_PROJECT_VERSION = 1;
				DEVELOPMENT_ASSET_PATHS = "\"basicfacear/Preview Content\"";
				DEVELOPMENT_TEAM = CSXF98Y74F;
				ENABLE_PREVIEWS = YES;
				GENERATE_INFOPLIST_FILE = YES;
				INFOPLIST_KEY_NSCameraUsageDescription = "";
				INFOPLIST_KEY_UIApplicationSupportsIndirectInputEvents = YES;
				INFOPLIST_KEY_UILaunchScreen_Generation = YES;
				INFOPLIST_KEY_UIRequiredDeviceCapabilities = arkit;
				INFOPLIST_KEY_UIStatusBarHidden = YES;
				INFOPLIST_KEY_UISupportedInterfaceOrientations_iPad = "UIInterfaceOrientationPortrait UIInterfaceOrientationPortraitUpsideDown UIInterfaceOrientationLandscapeLeft UIInterfaceOrientationLandscapeRight";
				INFOPLIST_KEY_UISupportedInterfaceOrientations_iPhone = "UIInterfaceOrientationPortrait UIInterfaceOrientationLandscapeLeft UIInterfaceOrientationLandscapeRight";
				LD_RUNPATH_SEARCH_PATHS = (
					"$(inherited)",
					"@executable_path/Frameworks",
				);
				MARKETING_VERSION = 1.0;
				PRODUCT_BUNDLE_IDENTIFIER = bing.basicfacear;
				PRODUCT_NAME = "$(TARGET_NAME)";
				SWIFT_EMIT_LOC_STRINGS = YES;
				SWIFT_VERSION = 5.0;
				TARGETED_DEVICE_FAMILY = "1,2";
			};
			name = Release;
		};
		3EBDF6C129BA9B4F00B26961 /* Debug */ = {
			isa = XCBuildConfiguration;
			buildSettings = {
				ALWAYS_EMBED_SWIFT_STANDARD_LIBRARIES = YES;
				BUNDLE_LOADER = "$(TEST_HOST)";
				CODE_SIGN_STYLE = Automatic;
				CURRENT_PROJECT_VERSION = 1;
				DEVELOPMENT_TEAM = CSXF98Y74F;
				GENERATE_INFOPLIST_FILE = YES;
				IPHONEOS_DEPLOYMENT_TARGET = 16.2;
				MARKETING_VERSION = 1.0;
				PRODUCT_BUNDLE_IDENTIFIER = bing.basicfacearTests;
				PRODUCT_NAME = "$(TARGET_NAME)";
				SWIFT_EMIT_LOC_STRINGS = NO;
				SWIFT_VERSION = 5.0;
				TARGETED_DEVICE_FAMILY = "1,2";
				TEST_HOST = "$(BUILT_PRODUCTS_DIR)/basicfacear.app/$(BUNDLE_EXECUTABLE_FOLDER_PATH)/basicfacear";
			};
			name = Debug;
		};
		3EBDF6C229BA9B4F00B26961 /* Release */ = {
			isa = XCBuildConfiguration;
			buildSettings = {
				ALWAYS_EMBED_SWIFT_STANDARD_LIBRARIES = YES;
				BUNDLE_LOADER = "$(TEST_HOST)";
				CODE_SIGN_STYLE = Automatic;
				CURRENT_PROJECT_VERSION = 1;
				DEVELOPMENT_TEAM = CSXF98Y74F;
				GENERATE_INFOPLIST_FILE = YES;
				IPHONEOS_DEPLOYMENT_TARGET = 16.2;
				MARKETING_VERSION = 1.0;
				PRODUCT_BUNDLE_IDENTIFIER = bing.basicfacearTests;
				PRODUCT_NAME = "$(TARGET_NAME)";
				SWIFT_EMIT_LOC_STRINGS = NO;
				SWIFT_VERSION = 5.0;
				TARGETED_DEVICE_FAMILY = "1,2";
				TEST_HOST = "$(BUILT_PRODUCTS_DIR)/basicfacear.app/$(BUNDLE_EXECUTABLE_FOLDER_PATH)/basicfacear";
			};
			name = Release;
		};
		3EBDF6C429BA9B4F00B26961 /* Debug */ = {
			isa = XCBuildConfiguration;
			buildSettings = {
				ALWAYS_EMBED_SWIFT_STANDARD_LIBRARIES = YES;
				CODE_SIGN_STYLE = Automatic;
				CURRENT_PROJECT_VERSION = 1;
				DEVELOPMENT_TEAM = CSXF98Y74F;
				GENERATE_INFOPLIST_FILE = YES;
				MARKETING_VERSION = 1.0;
				PRODUCT_BUNDLE_IDENTIFIER = bing.basicfacearUITests;
				PRODUCT_NAME = "$(TARGET_NAME)";
				SWIFT_EMIT_LOC_STRINGS = NO;
				SWIFT_VERSION = 5.0;
				TARGETED_DEVICE_FAMILY = "1,2";
				TEST_TARGET_NAME = basicfacear;
			};
			name = Debug;
		};
		3EBDF6C529BA9B4F00B26961 /* Release */ = {
			isa = XCBuildConfiguration;
			buildSettings = {
				ALWAYS_EMBED_SWIFT_STANDARD_LIBRARIES = YES;
				CODE_SIGN_STYLE = Automatic;
				CURRENT_PROJECT_VERSION = 1;
				DEVELOPMENT_TEAM = CSXF98Y74F;
				GENERATE_INFOPLIST_FILE = YES;
				MARKETING_VERSION = 1.0;
				PRODUCT_BUNDLE_IDENTIFIER = bing.basicfacearUITests;
				PRODUCT_NAME = "$(TARGET_NAME)";
				SWIFT_EMIT_LOC_STRINGS = NO;
				SWIFT_VERSION = 5.0;
				TARGETED_DEVICE_FAMILY = "1,2";
				TEST_TARGET_NAME = basicfacear;
			};
			name = Release;
		};
/* End XCBuildConfiguration section */

/* Begin XCConfigurationList section */
		3EBDF69229BA9B4D00B26961 /* Build configuration list for PBXProject "basicfacear" */ = {
			isa = XCConfigurationList;
			buildConfigurations = (
				3EBDF6BB29BA9B4F00B26961 /* Debug */,
				3EBDF6BC29BA9B4F00B26961 /* Release */,
			);
			defaultConfigurationIsVisible = 0;
			defaultConfigurationName = Release;
		};
		3EBDF6BD29BA9B4F00B26961 /* Build configuration list for PBXNativeTarget "basicfacear" */ = {
			isa = XCConfigurationList;
			buildConfigurations = (
				3EBDF6BE29BA9B4F00B26961 /* Debug */,
				3EBDF6BF29BA9B4F00B26961 /* Release */,
			);
			defaultConfigurationIsVisible = 0;
			defaultConfigurationName = Release;
		};
		3EBDF6C029BA9B4F00B26961 /* Build configuration list for PBXNativeTarget "basicfacearTests" */ = {
			isa = XCConfigurationList;
			buildConfigurations = (
				3EBDF6C129BA9B4F00B26961 /* Debug */,
				3EBDF6C229BA9B4F00B26961 /* Release */,
			);
			defaultConfigurationIsVisible = 0;
			defaultConfigurationName = Release;
		};
		3EBDF6C329BA9B4F00B26961 /* Build configuration list for PBXNativeTarget "basicfacearUITests" */ = {
			isa = XCConfigurationList;
			buildConfigurations = (
				3EBDF6C429BA9B4F00B26961 /* Debug */,
				3EBDF6C529BA9B4F00B26961 /* Release */,
			);
			defaultConfigurationIsVisible = 0;
			defaultConfigurationName = Release;
		};
/* End XCConfigurationList section */
	};
	rootObject = 3EBDF68F29BA9B4D00B26961 /* Project object */;
}
